// !$*UTF8*$!
{
	archiveVersion = 1;
	classes = {
	};
	objectVersion = 48;
	objects = {

/* Begin PBXBuildFile section */
		E152345D200F7C1000ED8095 /* example.json in Resources */ = {isa = PBXBuildFile; fileRef = E152345C200F7C1000ED8095 /* example.json */; };
		E1523460200F7C3700ED8095 /* ExampleReader.swift in Sources */ = {isa = PBXBuildFile; fileRef = E152345F200F7C3700ED8095 /* ExampleReader.swift */; };
		E1523464200F7E4400ED8095 /* simple.json in Resources */ = {isa = PBXBuildFile; fileRef = E1523463200F7E4400ED8095 /* simple.json */; };
		E1523466200F7EFF00ED8095 /* Models.swift in Sources */ = {isa = PBXBuildFile; fileRef = E1523465200F7EFF00ED8095 /* Models.swift */; };
		E19EF110200D252F00A09F37 /* AppDelegate.swift in Sources */ = {isa = PBXBuildFile; fileRef = E19EF10F200D252F00A09F37 /* AppDelegate.swift */; };
		E19EF112200D252F00A09F37 /* ViewController.swift in Sources */ = {isa = PBXBuildFile; fileRef = E19EF111200D252F00A09F37 /* ViewController.swift */; };
		E19EF115200D252F00A09F37 /* Main.storyboard in Resources */ = {isa = PBXBuildFile; fileRef = E19EF113200D252F00A09F37 /* Main.storyboard */; };
		E19EF117200D252F00A09F37 /* Assets.xcassets in Resources */ = {isa = PBXBuildFile; fileRef = E19EF116200D252F00A09F37 /* Assets.xcassets */; };
		E19EF11A200D252F00A09F37 /* LaunchScreen.storyboard in Resources */ = {isa = PBXBuildFile; fileRef = E19EF118200D252F00A09F37 /* LaunchScreen.storyboard */; };
		E19EF122200D255C00A09F37 /* JSONAPIParser.swift in Sources */ = {isa = PBXBuildFile; fileRef = E19EF121200D255C00A09F37 /* JSONAPIParser.swift */; };
		E19EF124200D256A00A09F37 /* TestData.swift in Sources */ = {isa = PBXBuildFile; fileRef = E19EF123200D256A00A09F37 /* TestData.swift */; };
/* End PBXBuildFile section */

/* Begin PBXFileReference section */
		E152345C200F7C1000ED8095 /* example.json */ = {isa = PBXFileReference; lastKnownFileType = text.json; path = example.json; sourceTree = "<group>"; };
		E152345F200F7C3700ED8095 /* ExampleReader.swift */ = {isa = PBXFileReference; lastKnownFileType = sourcecode.swift; path = ExampleReader.swift; sourceTree = "<group>"; };
		E1523463200F7E4400ED8095 /* simple.json */ = {isa = PBXFileReference; lastKnownFileType = text.json; path = simple.json; sourceTree = "<group>"; };
		E1523465200F7EFF00ED8095 /* Models.swift */ = {isa = PBXFileReference; lastKnownFileType = sourcecode.swift; path = Models.swift; sourceTree = "<group>"; };
		E19EF10C200D252F00A09F37 /* JsonApiParser.app */ = {isa = PBXFileReference; explicitFileType = wrapper.application; includeInIndex = 0; path = JsonApiParser.app; sourceTree = BUILT_PRODUCTS_DIR; };
		E19EF10F200D252F00A09F37 /* AppDelegate.swift */ = {isa = PBXFileReference; lastKnownFileType = sourcecode.swift; path = AppDelegate.swift; sourceTree = "<group>"; };
		E19EF111200D252F00A09F37 /* ViewController.swift */ = {isa = PBXFileReference; lastKnownFileType = sourcecode.swift; path = ViewController.swift; sourceTree = "<group>"; };
		E19EF114200D252F00A09F37 /* Base */ = {isa = PBXFileReference; lastKnownFileType = file.storyboard; name = Base; path = Base.lproj/Main.storyboard; sourceTree = "<group>"; };
		E19EF116200D252F00A09F37 /* Assets.xcassets */ = {isa = PBXFileReference; lastKnownFileType = folder.assetcatalog; path = Assets.xcassets; sourceTree = "<group>"; };
		E19EF119200D252F00A09F37 /* Base */ = {isa = PBXFileReference; lastKnownFileType = file.storyboard; name = Base; path = Base.lproj/LaunchScreen.storyboard; sourceTree = "<group>"; };
		E19EF11B200D252F00A09F37 /* Info.plist */ = {isa = PBXFileReference; lastKnownFileType = text.plist.xml; path = Info.plist; sourceTree = "<group>"; };
		E19EF121200D255C00A09F37 /* JSONAPIParser.swift */ = {isa = PBXFileReference; lastKnownFileType = sourcecode.swift; path = JSONAPIParser.swift; sourceTree = "<group>"; };
		E19EF123200D256A00A09F37 /* TestData.swift */ = {isa = PBXFileReference; lastKnownFileType = sourcecode.swift; path = TestData.swift; sourceTree = "<group>"; };
/* End PBXFileReference section */

/* Begin PBXFrameworksBuildPhase section */
		E19EF109200D252F00A09F37 /* Frameworks */ = {
			isa = PBXFrameworksBuildPhase;
			buildActionMask = 2147483647;
			files = (
			);
			runOnlyForDeploymentPostprocessing = 0;
		};
/* End PBXFrameworksBuildPhase section */

/* Begin PBXGroup section */
		E152345E200F7C2000ED8095 /* Example */ = {
			isa = PBXGroup;
			children = (
				E152345F200F7C3700ED8095 /* ExampleReader.swift */,
				E1523465200F7EFF00ED8095 /* Models.swift */,
			);
			path = Example;
			sourceTree = "<group>";
		};
		E19EF103200D252F00A09F37 = {
			isa = PBXGroup;
			children = (
				E19EF10E200D252F00A09F37 /* JsonApiParser */,
				E19EF10D200D252F00A09F37 /* Products */,
			);
			sourceTree = "<group>";
		};
		E19EF10D200D252F00A09F37 /* Products */ = {
			isa = PBXGroup;
			children = (
				E19EF10C200D252F00A09F37 /* JsonApiParser.app */,
			);
			name = Products;
			sourceTree = "<group>";
		};
		E19EF10E200D252F00A09F37 /* JsonApiParser */ = {
			isa = PBXGroup;
			children = (
				E152345E200F7C2000ED8095 /* Example */,
				E19EF10F200D252F00A09F37 /* AppDelegate.swift */,
				E19EF111200D252F00A09F37 /* ViewController.swift */,
				E19EF121200D255C00A09F37 /* JSONAPIParser.swift */,
				E19EF123200D256A00A09F37 /* TestData.swift */,
				E19EF113200D252F00A09F37 /* Main.storyboard */,
				E19EF116200D252F00A09F37 /* Assets.xcassets */,
				E19EF118200D252F00A09F37 /* LaunchScreen.storyboard */,
				E19EF11B200D252F00A09F37 /* Info.plist */,
				E152345C200F7C1000ED8095 /* example.json */,
				E1523463200F7E4400ED8095 /* simple.json */,
			);
			path = JsonApiParser;
			sourceTree = "<group>";
		};
/* End PBXGroup section */

/* Begin PBXNativeTarget section */
		E19EF10B200D252F00A09F37 /* JsonApiParser */ = {
			isa = PBXNativeTarget;
			buildConfigurationList = E19EF11E200D252F00A09F37 /* Build configuration list for PBXNativeTarget "JsonApiParser" */;
			buildPhases = (
				E19EF108200D252F00A09F37 /* Sources */,
				E19EF109200D252F00A09F37 /* Frameworks */,
				E19EF10A200D252F00A09F37 /* Resources */,
			);
			buildRules = (
			);
			dependencies = (
			);
			name = JsonApiParser;
			productName = JsonApiParser;
			productReference = E19EF10C200D252F00A09F37 /* JsonApiParser.app */;
			productType = "com.apple.product-type.application";
		};
/* End PBXNativeTarget section */

/* Begin PBXProject section */
		E19EF104200D252F00A09F37 /* Project object */ = {
			isa = PBXProject;
			attributes = {
				LastSwiftUpdateCheck = 0920;
				LastUpgradeCheck = 0920;
				ORGANIZATIONNAME = "Vlaho Poluta";
				TargetAttributes = {
					E19EF10B200D252F00A09F37 = {
						CreatedOnToolsVersion = 9.2;
						ProvisioningStyle = Automatic;
					};
				};
			};
			buildConfigurationList = E19EF107200D252F00A09F37 /* Build configuration list for PBXProject "JsonApiParser" */;
			compatibilityVersion = "Xcode 8.0";
			developmentRegion = en;
			hasScannedForEncodings = 0;
			knownRegions = (
				en,
				Base,
			);
			mainGroup = E19EF103200D252F00A09F37;
			productRefGroup = E19EF10D200D252F00A09F37 /* Products */;
			projectDirPath = "";
			projectRoot = "";
			targets = (
				E19EF10B200D252F00A09F37 /* JsonApiParser */,
			);
		};
/* End PBXProject section */

/* Begin PBXResourcesBuildPhase section */
		E19EF10A200D252F00A09F37 /* Resources */ = {
			isa = PBXResourcesBuildPhase;
			buildActionMask = 2147483647;
			files = (
				E152345D200F7C1000ED8095 /* example.json in Resources */,
				E19EF11A200D252F00A09F37 /* LaunchScreen.storyboard in Resources */,
				E19EF117200D252F00A09F37 /* Assets.xcassets in Resources */,
				E19EF115200D252F00A09F37 /* Main.storyboard in Resources */,
				E1523464200F7E4400ED8095 /* simple.json in Resources */,
			);
			runOnlyForDeploymentPostprocessing = 0;
		};
/* End PBXResourcesBuildPhase section */

/* Begin PBXSourcesBuildPhase section */
		E19EF108200D252F00A09F37 /* Sources */ = {
			isa = PBXSourcesBuildPhase;
			buildActionMask = 2147483647;
			files = (
				E1523460200F7C3700ED8095 /* ExampleReader.swift in Sources */,
				E19EF112200D252F00A09F37 /* ViewController.swift in Sources */,
				E19EF110200D252F00A09F37 /* AppDelegate.swift in Sources */,
				E1523466200F7EFF00ED8095 /* Models.swift in Sources */,
				E19EF122200D255C00A09F37 /* JSONAPIParser.swift in Sources */,
				E19EF124200D256A00A09F37 /* TestData.swift in Sources */,
			);
			runOnlyForDeploymentPostprocessing = 0;
		};
/* End PBXSourcesBuildPhase section */

/* Begin PBXVariantGroup section */
		E19EF113200D252F00A09F37 /* Main.storyboard */ = {
			isa = PBXVariantGroup;
			children = (
				E19EF114200D252F00A09F37 /* Base */,
			);
			name = Main.storyboard;
			sourceTree = "<group>";
		};
		E19EF118200D252F00A09F37 /* LaunchScreen.storyboard */ = {
			isa = PBXVariantGroup;
			children = (
				E19EF119200D252F00A09F37 /* Base */,
			);
			name = LaunchScreen.storyboard;
			sourceTree = "<group>";
		};
/* End PBXVariantGroup section */

/* Begin XCBuildConfiguration section */
		E19EF11C200D252F00A09F37 /* Debug */ = {
			isa = XCBuildConfiguration;
			buildSettings = {
				ALWAYS_SEARCH_USER_PATHS = NO;
				CLANG_ANALYZER_NONNULL = YES;
				CLANG_ANALYZER_NUMBER_OBJECT_CONVERSION = YES_AGGRESSIVE;
				CLANG_CXX_LANGUAGE_STANDARD = "gnu++14";
				CLANG_CXX_LIBRARY = "libc++";
				CLANG_ENABLE_MODULES = YES;
				CLANG_ENABLE_OBJC_ARC = YES;
				CLANG_WARN_BLOCK_CAPTURE_AUTORELEASING = YES;
				CLANG_WARN_BOOL_CONVERSION = YES;
				CLANG_WARN_COMMA = YES;
				CLANG_WARN_CONSTANT_CONVERSION = YES;
				CLANG_WARN_DIRECT_OBJC_ISA_USAGE = YES_ERROR;
				CLANG_WARN_DOCUMENTATION_COMMENTS = YES;
				CLANG_WARN_EMPTY_BODY = YES;
				CLANG_WARN_ENUM_CONVERSION = YES;
				CLANG_WARN_INFINITE_RECURSION = YES;
				CLANG_WARN_INT_CONVERSION = YES;
				CLANG_WARN_NON_LITERAL_NULL_CONVERSION = YES;
				CLANG_WARN_OBJC_LITERAL_CONVERSION = YES;
				CLANG_WARN_OBJC_ROOT_CLASS = YES_ERROR;
				CLANG_WARN_RANGE_LOOP_ANALYSIS = YES;
				CLANG_WARN_STRICT_PROTOTYPES = YES;
				CLANG_WARN_SUSPICIOUS_MOVE = YES;
				CLANG_WARN_UNGUARDED_AVAILABILITY = YES_AGGRESSIVE;
				CLANG_WARN_UNREACHABLE_CODE = YES;
				CLANG_WARN__DUPLICATE_METHOD_MATCH = YES;
				CODE_SIGN_IDENTITY = "iPhone Developer";
				COPY_PHASE_STRIP = NO;
				DEBUG_INFORMATION_FORMAT = dwarf;
				ENABLE_STRICT_OBJC_MSGSEND = YES;
				ENABLE_TESTABILITY = YES;
				GCC_C_LANGUAGE_STANDARD = gnu11;
				GCC_DYNAMIC_NO_PIC = NO;
				GCC_NO_COMMON_BLOCKS = YES;
				GCC_OPTIMIZATION_LEVEL = 0;
				GCC_PREPROCESSOR_DEFINITIONS = (
					"DEBUG=1",
					"$(inherited)",
				);
				GCC_WARN_64_TO_32_BIT_CONVERSION = YES;
				GCC_WARN_ABOUT_RETURN_TYPE = YES_ERROR;
				GCC_WARN_UNDECLARED_SELECTOR = YES;
				GCC_WARN_UNINITIALIZED_AUTOS = YES_AGGRESSIVE;
				GCC_WARN_UNUSED_FUNCTION = YES;
				GCC_WARN_UNUSED_VARIABLE = YES;
				IPHONEOS_DEPLOYMENT_TARGET = 11.2;
				MTL_ENABLE_DEBUG_INFO = YES;
				ONLY_ACTIVE_ARCH = YES;
				SDKROOT = iphoneos;
				SWIFT_ACTIVE_COMPILATION_CONDITIONS = DEBUG;
				SWIFT_OPTIMIZATION_LEVEL = "-Onone";
				SWIFT_VERSION = 4.0;
			};
			name = Debug;
		};
		E19EF11D200D252F00A09F37 /* Release */ = {
			isa = XCBuildConfiguration;
			buildSettings = {
				ALWAYS_SEARCH_USER_PATHS = NO;
				CLANG_ANALYZER_NONNULL = YES;
				CLANG_ANALYZER_NUMBER_OBJECT_CONVERSION = YES_AGGRESSIVE;
				CLANG_CXX_LANGUAGE_STANDARD = "gnu++14";
				CLANG_CXX_LIBRARY = "libc++";
				CLANG_ENABLE_MODULES = YES;
				CLANG_ENABLE_OBJC_ARC = YES;
				CLANG_WARN_BLOCK_CAPTURE_AUTORELEASING = YES;
				CLANG_WARN_BOOL_CONVERSION = YES;
				CLANG_WARN_COMMA = YES;
				CLANG_WARN_CONSTANT_CONVERSION = YES;
				CLANG_WARN_DIRECT_OBJC_ISA_USAGE = YES_ERROR;
				CLANG_WARN_DOCUMENTATION_COMMENTS = YES;
				CLANG_WARN_EMPTY_BODY = YES;
				CLANG_WARN_ENUM_CONVERSION = YES;
				CLANG_WARN_INFINITE_RECURSION = YES;
				CLANG_WARN_INT_CONVERSION = YES;
				CLANG_WARN_NON_LITERAL_NULL_CONVERSION = YES;
				CLANG_WARN_OBJC_LITERAL_CONVERSION = YES;
				CLANG_WARN_OBJC_ROOT_CLASS = YES_ERROR;
				CLANG_WARN_RANGE_LOOP_ANALYSIS = YES;
				CLANG_WARN_STRICT_PROTOTYPES = YES;
				CLANG_WARN_SUSPICIOUS_MOVE = YES;
				CLANG_WARN_UNGUARDED_AVAILABILITY = YES_AGGRESSIVE;
				CLANG_WARN_UNREACHABLE_CODE = YES;
				CLANG_WARN__DUPLICATE_METHOD_MATCH = YES;
				CODE_SIGN_IDENTITY = "iPhone Developer";
				COPY_PHASE_STRIP = NO;
				DEBUG_INFORMATION_FORMAT = "dwarf-with-dsym";
				ENABLE_NS_ASSERTIONS = NO;
				ENABLE_STRICT_OBJC_MSGSEND = YES;
				GCC_C_LANGUAGE_STANDARD = gnu11;
				GCC_NO_COMMON_BLOCKS = YES;
				GCC_WARN_64_TO_32_BIT_CONVERSION = YES;
				GCC_WARN_ABOUT_RETURN_TYPE = YES_ERROR;
				GCC_WARN_UNDECLARED_SELECTOR = YES;
				GCC_WARN_UNINITIALIZED_AUTOS = YES_AGGRESSIVE;
				GCC_WARN_UNUSED_FUNCTION = YES;
				GCC_WARN_UNUSED_VARIABLE = YES;
				IPHONEOS_DEPLOYMENT_TARGET = 11.2;
				MTL_ENABLE_DEBUG_INFO = NO;
				SDKROOT = iphoneos;
				SWIFT_OPTIMIZATION_LEVEL = "-Owholemodule";
				SWIFT_VERSION = 4.0;
				VALIDATE_PRODUCT = YES;
			};
			name = Release;
		};
		E19EF11F200D252F00A09F37 /* Debug */ = {
			isa = XCBuildConfiguration;
			buildSettings = {
				ASSETCATALOG_COMPILER_APPICON_NAME = AppIcon;
				CODE_SIGN_STYLE = Automatic;
				DEVELOPMENT_TEAM = 5F5M64F878;
				INFOPLIST_FILE = JsonApiParser/Info.plist;
				LD_RUNPATH_SEARCH_PATHS = "$(inherited) @executable_path/Frameworks";
				PRODUCT_BUNDLE_IDENTIFIER = co.Infinum.JsonApiParser;
				PRODUCT_NAME = "$(TARGET_NAME)";
				SWIFT_VERSION = 4.0;
				TARGETED_DEVICE_FAMILY = "1,2";
			};
			name = Debug;
		};
		E19EF120200D252F00A09F37 /* Release */ = {
			isa = XCBuildConfiguration;
			buildSettings = {
				ASSETCATALOG_COMPILER_APPICON_NAME = AppIcon;
				CODE_SIGN_STYLE = Automatic;
				DEVELOPMENT_TEAM = 5F5M64F878;
				INFOPLIST_FILE = JsonApiParser/Info.plist;
				LD_RUNPATH_SEARCH_PATHS = "$(inherited) @executable_path/Frameworks";
				PRODUCT_BUNDLE_IDENTIFIER = co.Infinum.JsonApiParser;
				PRODUCT_NAME = "$(TARGET_NAME)";
				SWIFT_VERSION = 4.0;
				TARGETED_DEVICE_FAMILY = "1,2";
			};
			name = Release;
		};
/* End XCBuildConfiguration section */

/* Begin XCConfigurationList section */
		E19EF107200D252F00A09F37 /* Build configuration list for PBXProject "JsonApiParser" */ = {
			isa = XCConfigurationList;
			buildConfigurations = (
				E19EF11C200D252F00A09F37 /* Debug */,
				E19EF11D200D252F00A09F37 /* Release */,
			);
			defaultConfigurationIsVisible = 0;
			defaultConfigurationName = Release;
		};
		E19EF11E200D252F00A09F37 /* Build configuration list for PBXNativeTarget "JsonApiParser" */ = {
			isa = XCConfigurationList;
			buildConfigurations = (
				E19EF11F200D252F00A09F37 /* Debug */,
				E19EF120200D252F00A09F37 /* Release */,
			);
			defaultConfigurationIsVisible = 0;
			defaultConfigurationName = Release;
		};
/* End XCConfigurationList section */
	};
	rootObject = E19EF104200D252F00A09F37 /* Project object */;
}
