PODS:
  - Alamofire (4.8.2)
  - Japx/Alamofire (2.1.0):
    - Alamofire (~> 4.8)
    - Japx/Core
  - Japx/Codable (2.1.0):
    - Japx/Core
  - Japx/CodableAlamofire (2.1.0):
    - Japx/Alamofire
    - Japx/Codable
  - Japx/Core (2.1.0)
  - Japx/ObjC (2.1.0):
    - Japx/Core
  - Japx/RxAlamofire (2.1.0):
    - Japx/Alamofire
    - RxSwift (~> 5.0)
  - Japx/RxCodableAlamofire (2.1.0):
    - Japx/CodableAlamofire
    - Japx/RxAlamofire
  - Nimble (8.0.1)
  - Quick (2.1.0)
  - RxSwift (5.0.0)

DEPENDENCIES:
  - Japx/ObjC (from `../`)
  - Japx/RxCodableAlamofire (from `../`)
  - Nimble
  - Quick

SPEC REPOS:
  https://github.com/cocoapods/specs.git:
    - Alamofire
    - Nimble
    - Quick
    - RxSwift

EXTERNAL SOURCES:
  Japx:
    :path: "../"

SPEC CHECKSUMS:
  Alamofire: ae5c501addb7afdbb13687d7f2f722c78734c2d3
  Japx: bd08103f2faafd13e2150310a1227461c6b573c3
  Nimble: 45f786ae66faa9a709624227fae502db55a8bdd0
  Quick: 4be43f6634acfa727dd106bdf3929ce125ffa79d
  RxSwift: 8b0671caa829a763bbce7271095859121cbd895f

PODFILE CHECKSUM: 0854e6acc1d6ac3258147607046a63ceb040b5e5

COCOAPODS: 1.7.0.beta.3
