// !$*UTF8*$!
{
	archiveVersion = 1;
	classes = {
	};
	objectVersion = 52;
	objects = {

/* Begin PBXBuildFile section */
		0A30B5C9231111820041F828 /* MissingRelationshipObject-JsonApi.json in Resources */ = {isa = PBXBuildFile; fileRef = 0A30B5C62311117C0041F828 /* MissingRelationshipObject-JsonApi.json */; };
		0A30B5CA231111850041F828 /* MissingRelationshipObject-Json.json in Resources */ = {isa = PBXBuildFile; fileRef = 0A30B5C52311117C0041F828 /* MissingRelationshipObject-Json.json */; };
		0A30B5CD231111A60041F828 /* MissingRelationshipObjects-Json.json in Resources */ = {isa = PBXBuildFile; fileRef = 0A30B5CB231111A60041F828 /* MissingRelationshipObjects-Json.json */; };
		0A30B5CE231111A60041F828 /* MissingRelationshipObjects-JsonApi.json in Resources */ = {isa = PBXBuildFile; fileRef = 0A30B5CC231111A60041F828 /* MissingRelationshipObjects-JsonApi.json */; };
		0A4CEF7621FF560400D3F0B8 /* RelationshipNoInclude-Json.json in Resources */ = {isa = PBXBuildFile; fileRef = 0A4CEF7421FF560400D3F0B8 /* RelationshipNoInclude-Json.json */; };
		0A4CEF7721FF560400D3F0B8 /* RelationshipNoInclude-JsonApi.json in Resources */ = {isa = PBXBuildFile; fileRef = 0A4CEF7521FF560400D3F0B8 /* RelationshipNoInclude-JsonApi.json */; };
		0A57D7FD231119AC0009FBEB /* MissingRelationshipObjectNull-Json.json in Resources */ = {isa = PBXBuildFile; fileRef = 0A57D7FC231119AB0009FBEB /* MissingRelationshipObjectNull-Json.json */; };
		0A57D7FF231119C10009FBEB /* MissingRelationshipObjectsEmpty-Json.json in Resources */ = {isa = PBXBuildFile; fileRef = 0A57D7FE231119C10009FBEB /* MissingRelationshipObjectsEmpty-Json.json */; };
		0A6C2FEF21FB3BB900D16186 /* EmptyRelationship-JsonApi.json in Resources */ = {isa = PBXBuildFile; fileRef = 0A6C2FEE21FB3BB900D16186 /* EmptyRelationship-JsonApi.json */; };
		0A6C2FF121FB3BD000D16186 /* EmptyRelationship-Json.json in Resources */ = {isa = PBXBuildFile; fileRef = 0A6C2FF021FB3BD000D16186 /* EmptyRelationship-Json.json */; };
		0A6C2FF621FB3F4900D16186 /* EmptyRelationshipDeep-Json.json in Resources */ = {isa = PBXBuildFile; fileRef = 0A6C2FF321FB3F4100D16186 /* EmptyRelationshipDeep-Json.json */; };
		25665645BE94D13E4E84A9EA /* Pods_Japx_Example.framework in Frameworks */ = {isa = PBXBuildFile; fileRef = 3A8118F96A5567F186315414 /* Pods_Japx_Example.framework */; };
		2C5FA422202CA35D00399CC7 /* ResultViewController.swift in Sources */ = {isa = PBXBuildFile; fileRef = 2C5FA416202CA35D00399CC7 /* ResultViewController.swift */; };
		2C5FA423202CA35D00399CC7 /* DecoderViewController.swift in Sources */ = {isa = PBXBuildFile; fileRef = 2C5FA417202CA35D00399CC7 /* DecoderViewController.swift */; };
		2C5FA424202CA35D00399CC7 /* EncoderViewController.swift in Sources */ = {isa = PBXBuildFile; fileRef = 2C5FA418202CA35D00399CC7 /* EncoderViewController.swift */; };
		2C5FA427202CA35D00399CC7 /* PrettyPrint.swift in Sources */ = {isa = PBXBuildFile; fileRef = 2C5FA41D202CA35D00399CC7 /* PrettyPrint.swift */; };
		2C5FA428202CA35D00399CC7 /* ResultableProtocol.swift in Sources */ = {isa = PBXBuildFile; fileRef = 2C5FA41E202CA35D00399CC7 /* ResultableProtocol.swift */; };
		2C5FA429202CA35D00399CC7 /* Images.xcassets in Resources */ = {isa = PBXBuildFile; fileRef = 2C5FA41F202CA35D00399CC7 /* Images.xcassets */; };
		2C5FA42A202CA35D00399CC7 /* AppDelegate.swift in Sources */ = {isa = PBXBuildFile; fileRef = 2C5FA420202CA35D00399CC7 /* AppDelegate.swift */; };
		2C5FA42C202CA39500399CC7 /* Main.storyboard in Resources */ = {isa = PBXBuildFile; fileRef = 2C5FA41B202CA35D00399CC7 /* Main.storyboard */; };
		2C5FA42D202CA39700399CC7 /* LaunchScreen.xib in Resources */ = {isa = PBXBuildFile; fileRef = 2C5FA419202CA35D00399CC7 /* LaunchScreen.xib */; };
		4F9A385D220099BC0063BEB3 /* DecoderTester.m in Sources */ = {isa = PBXBuildFile; fileRef = 4F9A385C220099BC0063BEB3 /* DecoderTester.m */; };
		4F9A385F220099C80063BEB3 /* EncoderTester.m in Sources */ = {isa = PBXBuildFile; fileRef = 4F9A385E220099C80063BEB3 /* EncoderTester.m */; };
		7A05C33B93679C56C0139B02 /* Pods_Japx_Tests.framework in Frameworks */ = {isa = PBXBuildFile; fileRef = BB54DDB05A83058C0FABE091 /* Pods_Japx_Tests.framework */; };
		84390F572536DDB9000E2704 /* BuildFile in Frameworks */ = {isa = PBXBuildFile; productRef = 84390F562536DDB9000E2704 /* SwiftPackageProductDependency */; };
		84390F592536DDB9000E2704 /* BuildFile in Frameworks */ = {isa = PBXBuildFile; productRef = 84390F582536DDB9000E2704 /* SwiftPackageProductDependency */; };
		84390F5B2536DDB9000E2704 /* BuildFile in Frameworks */ = {isa = PBXBuildFile; productRef = 84390F5A2536DDB9000E2704 /* SwiftPackageProductDependency */; };
		84390F5D2536DDB9000E2704 /* BuildFile in Frameworks */ = {isa = PBXBuildFile; productRef = 84390F5C2536DDB9000E2704 /* SwiftPackageProductDependency */; };
		84390F5F2536DDB9000E2704 /* BuildFile in Frameworks */ = {isa = PBXBuildFile; productRef = 84390F5E2536DDB9000E2704 /* SwiftPackageProductDependency */; };
		84390F612536DDB9000E2704 /* BuildFile in Frameworks */ = {isa = PBXBuildFile; productRef = 84390F602536DDB9000E2704 /* SwiftPackageProductDependency */; };
		84390F632536DDB9000E2704 /* BuildFile in Frameworks */ = {isa = PBXBuildFile; productRef = 84390F622536DDB9000E2704 /* SwiftPackageProductDependency */; };
		84390F652536DDB9000E2704 /* BuildFile in Frameworks */ = {isa = PBXBuildFile; productRef = 84390F642536DDB9000E2704 /* SwiftPackageProductDependency */; };
		84390F672536DDB9000E2704 /* BuildFile in Frameworks */ = {isa = PBXBuildFile; productRef = 84390F662536DDB9000E2704 /* SwiftPackageProductDependency */; };
		84390F692536DDB9000E2704 /* BuildFile in Frameworks */ = {isa = PBXBuildFile; productRef = 84390F682536DDB9000E2704 /* SwiftPackageProductDependency */; };
		84390F6B2536DDBA000E2704 /* BuildFile in Frameworks */ = {isa = PBXBuildFile; productRef = 84390F6A2536DDBA000E2704 /* SwiftPackageProductDependency */; };
		844462B62535DC06006E9A70 /* AppDelegate.swift in Sources */ = {isa = PBXBuildFile; fileRef = 2C5FA420202CA35D00399CC7 /* AppDelegate.swift */; };
		844462B72535DC06006E9A70 /* ResultViewController.swift in Sources */ = {isa = PBXBuildFile; fileRef = 2C5FA416202CA35D00399CC7 /* ResultViewController.swift */; };
		844462B82535DC06006E9A70 /* DecoderViewController.swift in Sources */ = {isa = PBXBuildFile; fileRef = 2C5FA417202CA35D00399CC7 /* DecoderViewController.swift */; };
		844462B92535DC06006E9A70 /* EncoderViewController.swift in Sources */ = {isa = PBXBuildFile; fileRef = 2C5FA418202CA35D00399CC7 /* EncoderViewController.swift */; };
		844462BA2535DC06006E9A70 /* ResultableProtocol.swift in Sources */ = {isa = PBXBuildFile; fileRef = 2C5FA41E202CA35D00399CC7 /* ResultableProtocol.swift */; };
		844462BB2535DC06006E9A70 /* PrettyPrint.swift in Sources */ = {isa = PBXBuildFile; fileRef = 2C5FA41D202CA35D00399CC7 /* PrettyPrint.swift */; };
		844462BF2535DC06006E9A70 /* RecursivSample-Json.json in Resources */ = {isa = PBXBuildFile; fileRef = E18794F92018AEC900E472C4 /* RecursivSample-Json.json */; };
		844462C02535DC06006E9A70 /* Images.xcassets in Resources */ = {isa = PBXBuildFile; fileRef = 2C5FA41F202CA35D00399CC7 /* Images.xcassets */; };
		844462C12535DC06006E9A70 /* RelationshipNoInclude-JsonApi.json in Resources */ = {isa = PBXBuildFile; fileRef = 0A4CEF7521FF560400D3F0B8 /* RelationshipNoInclude-JsonApi.json */; };
		844462C22535DC06006E9A70 /* Meta-NotAdded-JsonApi.json in Resources */ = {isa = PBXBuildFile; fileRef = E1F83D0A237D9A8B009F91CA /* Meta-NotAdded-JsonApi.json */; };
		844462C32535DC06006E9A70 /* RecursivSample-JsonApi.json in Resources */ = {isa = PBXBuildFile; fileRef = E18794FA2018AEC900E472C4 /* RecursivSample-JsonApi.json */; };
		844462C42535DC06006E9A70 /* MissingRelationshipObjectNull-Json.json in Resources */ = {isa = PBXBuildFile; fileRef = 0A57D7FC231119AB0009FBEB /* MissingRelationshipObjectNull-Json.json */; };
		844462C52535DC06006E9A70 /* MissingRelationship-JsonApi.json in Resources */ = {isa = PBXBuildFile; fileRef = E18794FF2018CA7100E472C4 /* MissingRelationship-JsonApi.json */; };
		844462C62535DC06006E9A70 /* ArticleExample-Json.json in Resources */ = {isa = PBXBuildFile; fileRef = E18795022018CA7100E472C4 /* ArticleExample-Json.json */; };
		844462C72535DC06006E9A70 /* MissingRelationshipObjects-JsonApi.json in Resources */ = {isa = PBXBuildFile; fileRef = 0A30B5CC231111A60041F828 /* MissingRelationshipObjects-JsonApi.json */; };
		844462C82535DC06006E9A70 /* ArticlePerson-Json.json in Resources */ = {isa = PBXBuildFile; fileRef = E18794F12018ABA000E472C4 /* ArticlePerson-Json.json */; };
		844462C92535DC06006E9A70 /* Main.storyboard in Resources */ = {isa = PBXBuildFile; fileRef = 2C5FA41B202CA35D00399CC7 /* Main.storyboard */; };
		844462CA2535DC06006E9A70 /* SimpleEncoding-Json.json in Resources */ = {isa = PBXBuildFile; fileRef = E187950C2018D76300E472C4 /* SimpleEncoding-Json.json */; };
		844462CB2535DC06006E9A70 /* Meta-Added-JsonApi.json in Resources */ = {isa = PBXBuildFile; fileRef = E1F83D0B237D9A8C009F91CA /* Meta-Added-JsonApi.json */; };
		844462CC2535DC06006E9A70 /* Meta-Json.json in Resources */ = {isa = PBXBuildFile; fileRef = E1F83D0C237D9A8C009F91CA /* Meta-Json.json */; };
		844462CD2535DC06006E9A70 /* RecursivRelationships-Json.json in Resources */ = {isa = PBXBuildFile; fileRef = E18795082018D76300E472C4 /* RecursivRelationships-Json.json */; };
		844462CE2535DC06006E9A70 /* EmptyRelationship-Json.json in Resources */ = {isa = PBXBuildFile; fileRef = 0A6C2FF021FB3BD000D16186 /* EmptyRelationship-Json.json */; };
		844462CF2535DC06006E9A70 /* MissingRelationshipObjectsEmpty-Json.json in Resources */ = {isa = PBXBuildFile; fileRef = 0A57D7FE231119C10009FBEB /* MissingRelationshipObjectsEmpty-Json.json */; };
		844462D02535DC06006E9A70 /* ExtraParams-JsonApi.json in Resources */ = {isa = PBXBuildFile; fileRef = E187950F2018D76300E472C4 /* ExtraParams-JsonApi.json */; };
		844462D12535DC06006E9A70 /* RecursivRelationships-JsonApi.json in Resources */ = {isa = PBXBuildFile; fileRef = E18795092018D76300E472C4 /* RecursivRelationships-JsonApi.json */; };
		844462D22535DC06006E9A70 /* MissingRelationshipObjects-Json.json in Resources */ = {isa = PBXBuildFile; fileRef = 0A30B5CB231111A60041F828 /* MissingRelationshipObjects-Json.json */; };
		844462D32535DC06006E9A70 /* MissingRelationshipObject-Json.json in Resources */ = {isa = PBXBuildFile; fileRef = 0A30B5C52311117C0041F828 /* MissingRelationshipObject-Json.json */; };
		844462D42535DC06006E9A70 /* ExtraParams-Json.json in Resources */ = {isa = PBXBuildFile; fileRef = E187950E2018D76300E472C4 /* ExtraParams-Json.json */; };
		844462D52535DC06006E9A70 /* SimpleEncoding-JsonApi.json in Resources */ = {isa = PBXBuildFile; fileRef = E187950B2018D76300E472C4 /* SimpleEncoding-JsonApi.json */; };
		844462D62535DC06006E9A70 /* MissingRelationship-Json.json in Resources */ = {isa = PBXBuildFile; fileRef = E18794FE2018CA7100E472C4 /* MissingRelationship-Json.json */; };
		844462D72535DC06006E9A70 /* ArticleExample-JsonApi.json in Resources */ = {isa = PBXBuildFile; fileRef = E18795012018CA7100E472C4 /* ArticleExample-JsonApi.json */; };
		844462D82535DC06006E9A70 /* ArticlePerson-JsonApi.json in Resources */ = {isa = PBXBuildFile; fileRef = E18794F22018ABA000E472C4 /* ArticlePerson-JsonApi.json */; };
		844462D92535DC06006E9A70 /* EmptyRelationshipDeep-Json.json in Resources */ = {isa = PBXBuildFile; fileRef = 0A6C2FF321FB3F4100D16186 /* EmptyRelationshipDeep-Json.json */; };
		844462DA2535DC06006E9A70 /* LaunchScreen.xib in Resources */ = {isa = PBXBuildFile; fileRef = 2C5FA419202CA35D00399CC7 /* LaunchScreen.xib */; };
		844462DB2535DC06006E9A70 /* RelationshipNoInclude-Json.json in Resources */ = {isa = PBXBuildFile; fileRef = 0A4CEF7421FF560400D3F0B8 /* RelationshipNoInclude-Json.json */; };
		844462DC2535DC06006E9A70 /* MissingRelationshipObject-JsonApi.json in Resources */ = {isa = PBXBuildFile; fileRef = 0A30B5C62311117C0041F828 /* MissingRelationshipObject-JsonApi.json */; };
		844462DD2535DC06006E9A70 /* EmptyRelationship-JsonApi.json in Resources */ = {isa = PBXBuildFile; fileRef = 0A6C2FEE21FB3BB900D16186 /* EmptyRelationship-JsonApi.json */; };
		E18794E520189E8B00E472C4 /* DecoderTester.swift in Sources */ = {isa = PBXBuildFile; fileRef = E18794E120189D8000E472C4 /* DecoderTester.swift */; };
		E18794E620189E8B00E472C4 /* EncoderTester.swift in Sources */ = {isa = PBXBuildFile; fileRef = E18794E320189D8E00E472C4 /* EncoderTester.swift */; };
		E18794F32018ABA000E472C4 /* ArticlePerson-Json.json in Resources */ = {isa = PBXBuildFile; fileRef = E18794F12018ABA000E472C4 /* ArticlePerson-Json.json */; };
		E18794F42018ABA000E472C4 /* ArticlePerson-JsonApi.json in Resources */ = {isa = PBXBuildFile; fileRef = E18794F22018ABA000E472C4 /* ArticlePerson-JsonApi.json */; };
		E18794F52018AC2200E472C4 /* AdditionalFunctions.swift in Sources */ = {isa = PBXBuildFile; fileRef = E18794E720189EE500E472C4 /* AdditionalFunctions.swift */; };
		E18794FB2018AEC900E472C4 /* RecursivSample-Json.json in Resources */ = {isa = PBXBuildFile; fileRef = E18794F92018AEC900E472C4 /* RecursivSample-Json.json */; };
		E18794FC2018AEC900E472C4 /* RecursivSample-JsonApi.json in Resources */ = {isa = PBXBuildFile; fileRef = E18794FA2018AEC900E472C4 /* RecursivSample-JsonApi.json */; };
		E18795032018CA7100E472C4 /* MissingRelationship-Json.json in Resources */ = {isa = PBXBuildFile; fileRef = E18794FE2018CA7100E472C4 /* MissingRelationship-Json.json */; };
		E18795042018CA7100E472C4 /* MissingRelationship-JsonApi.json in Resources */ = {isa = PBXBuildFile; fileRef = E18794FF2018CA7100E472C4 /* MissingRelationship-JsonApi.json */; };
		E18795052018CA7100E472C4 /* ArticleExample-JsonApi.json in Resources */ = {isa = PBXBuildFile; fileRef = E18795012018CA7100E472C4 /* ArticleExample-JsonApi.json */; };
		E18795062018CA7100E472C4 /* ArticleExample-Json.json in Resources */ = {isa = PBXBuildFile; fileRef = E18795022018CA7100E472C4 /* ArticleExample-Json.json */; };
		E18795102018D76300E472C4 /* RecursivRelationships-Json.json in Resources */ = {isa = PBXBuildFile; fileRef = E18795082018D76300E472C4 /* RecursivRelationships-Json.json */; };
		E18795112018D76300E472C4 /* RecursivRelationships-JsonApi.json in Resources */ = {isa = PBXBuildFile; fileRef = E18795092018D76300E472C4 /* RecursivRelationships-JsonApi.json */; };
		E18795122018D76300E472C4 /* SimpleEncoding-JsonApi.json in Resources */ = {isa = PBXBuildFile; fileRef = E187950B2018D76300E472C4 /* SimpleEncoding-JsonApi.json */; };
		E18795132018D76300E472C4 /* SimpleEncoding-Json.json in Resources */ = {isa = PBXBuildFile; fileRef = E187950C2018D76300E472C4 /* SimpleEncoding-Json.json */; };
		E18795142018D76300E472C4 /* ExtraParams-Json.json in Resources */ = {isa = PBXBuildFile; fileRef = E187950E2018D76300E472C4 /* ExtraParams-Json.json */; };
		E18795152018D76300E472C4 /* ExtraParams-JsonApi.json in Resources */ = {isa = PBXBuildFile; fileRef = E187950F2018D76300E472C4 /* ExtraParams-JsonApi.json */; };
		E1F83D0D237D9A8C009F91CA /* Meta-NotAdded-JsonApi.json in Resources */ = {isa = PBXBuildFile; fileRef = E1F83D0A237D9A8B009F91CA /* Meta-NotAdded-JsonApi.json */; };
		E1F83D0E237D9A8C009F91CA /* Meta-Added-JsonApi.json in Resources */ = {isa = PBXBuildFile; fileRef = E1F83D0B237D9A8C009F91CA /* Meta-Added-JsonApi.json */; };
		E1F83D0F237D9A8C009F91CA /* Meta-Json.json in Resources */ = {isa = PBXBuildFile; fileRef = E1F83D0C237D9A8C009F91CA /* Meta-Json.json */; };
/* End PBXBuildFile section */

/* Begin PBXContainerItemProxy section */
		607FACE61AFB9204008FA782 /* PBXContainerItemProxy */ = {
			isa = PBXContainerItemProxy;
			containerPortal = 607FACC81AFB9204008FA782 /* Project object */;
			proxyType = 1;
			remoteGlobalIDString = 607FACCF1AFB9204008FA782;
			remoteInfo = Japx;
		};
/* End PBXContainerItemProxy section */

/* Begin PBXFileReference section */
		0A30B5C52311117C0041F828 /* MissingRelationshipObject-Json.json */ = {isa = PBXFileReference; fileEncoding = 4; lastKnownFileType = text.json; path = "MissingRelationshipObject-Json.json"; sourceTree = "<group>"; };
		0A30B5C62311117C0041F828 /* MissingRelationshipObject-JsonApi.json */ = {isa = PBXFileReference; fileEncoding = 4; lastKnownFileType = text.json; path = "MissingRelationshipObject-JsonApi.json"; sourceTree = "<group>"; };
		0A30B5CB231111A60041F828 /* MissingRelationshipObjects-Json.json */ = {isa = PBXFileReference; fileEncoding = 4; lastKnownFileType = text.json; path = "MissingRelationshipObjects-Json.json"; sourceTree = "<group>"; };
		0A30B5CC231111A60041F828 /* MissingRelationshipObjects-JsonApi.json */ = {isa = PBXFileReference; fileEncoding = 4; lastKnownFileType = text.json; path = "MissingRelationshipObjects-JsonApi.json"; sourceTree = "<group>"; };
		0A4CEF7421FF560400D3F0B8 /* RelationshipNoInclude-Json.json */ = {isa = PBXFileReference; fileEncoding = 4; lastKnownFileType = text.json; path = "RelationshipNoInclude-Json.json"; sourceTree = "<group>"; };
		0A4CEF7521FF560400D3F0B8 /* RelationshipNoInclude-JsonApi.json */ = {isa = PBXFileReference; fileEncoding = 4; lastKnownFileType = text.json; path = "RelationshipNoInclude-JsonApi.json"; sourceTree = "<group>"; };
		0A57D7FC231119AB0009FBEB /* MissingRelationshipObjectNull-Json.json */ = {isa = PBXFileReference; fileEncoding = 4; lastKnownFileType = text.json; path = "MissingRelationshipObjectNull-Json.json"; sourceTree = "<group>"; };
		0A57D7FE231119C10009FBEB /* MissingRelationshipObjectsEmpty-Json.json */ = {isa = PBXFileReference; fileEncoding = 4; lastKnownFileType = text.json; path = "MissingRelationshipObjectsEmpty-Json.json"; sourceTree = "<group>"; };
		0A6C2FEE21FB3BB900D16186 /* EmptyRelationship-JsonApi.json */ = {isa = PBXFileReference; lastKnownFileType = text.json; path = "EmptyRelationship-JsonApi.json"; sourceTree = "<group>"; };
		0A6C2FF021FB3BD000D16186 /* EmptyRelationship-Json.json */ = {isa = PBXFileReference; lastKnownFileType = text.json; path = "EmptyRelationship-Json.json"; sourceTree = "<group>"; };
		0A6C2FF321FB3F4100D16186 /* EmptyRelationshipDeep-Json.json */ = {isa = PBXFileReference; fileEncoding = 4; lastKnownFileType = text.json; path = "EmptyRelationshipDeep-Json.json"; sourceTree = "<group>"; };
		19331546F7078C51296A6FE1 /* README.md */ = {isa = PBXFileReference; includeInIndex = 1; lastKnownFileType = net.daringfireball.markdown; name = README.md; path = ../README.md; sourceTree = "<group>"; };
		2802887F2EFB4FFDC9087F22 /* Pods-Japx_Example.debug.xcconfig */ = {isa = PBXFileReference; includeInIndex = 1; lastKnownFileType = text.xcconfig; name = "Pods-Japx_Example.debug.xcconfig"; path = "Target Support Files/Pods-Japx_Example/Pods-Japx_Example.debug.xcconfig"; sourceTree = "<group>"; };
		2C5FA416202CA35D00399CC7 /* ResultViewController.swift */ = {isa = PBXFileReference; fileEncoding = 4; lastKnownFileType = sourcecode.swift; path = ResultViewController.swift; sourceTree = "<group>"; };
		2C5FA417202CA35D00399CC7 /* DecoderViewController.swift */ = {isa = PBXFileReference; fileEncoding = 4; lastKnownFileType = sourcecode.swift; path = DecoderViewController.swift; sourceTree = "<group>"; };
		2C5FA418202CA35D00399CC7 /* EncoderViewController.swift */ = {isa = PBXFileReference; fileEncoding = 4; lastKnownFileType = sourcecode.swift; path = EncoderViewController.swift; sourceTree = "<group>"; };
		2C5FA41A202CA35D00399CC7 /* Base */ = {isa = PBXFileReference; lastKnownFileType = file.xib; name = Base; path = Base.lproj/LaunchScreen.xib; sourceTree = "<group>"; };
		2C5FA41C202CA35D00399CC7 /* Base */ = {isa = PBXFileReference; lastKnownFileType = file.storyboard; name = Base; path = Base.lproj/Main.storyboard; sourceTree = "<group>"; };
		2C5FA41D202CA35D00399CC7 /* PrettyPrint.swift */ = {isa = PBXFileReference; fileEncoding = 4; lastKnownFileType = sourcecode.swift; path = PrettyPrint.swift; sourceTree = "<group>"; };
		2C5FA41E202CA35D00399CC7 /* ResultableProtocol.swift */ = {isa = PBXFileReference; fileEncoding = 4; lastKnownFileType = sourcecode.swift; path = ResultableProtocol.swift; sourceTree = "<group>"; };
		2C5FA41F202CA35D00399CC7 /* Images.xcassets */ = {isa = PBXFileReference; lastKnownFileType = folder.assetcatalog; path = Images.xcassets; sourceTree = "<group>"; };
		2C5FA420202CA35D00399CC7 /* AppDelegate.swift */ = {isa = PBXFileReference; fileEncoding = 4; lastKnownFileType = sourcecode.swift; path = AppDelegate.swift; sourceTree = "<group>"; };
		2C5FA421202CA35D00399CC7 /* Info.plist */ = {isa = PBXFileReference; fileEncoding = 4; lastKnownFileType = text.plist.xml; path = Info.plist; sourceTree = "<group>"; };
		3A8118F96A5567F186315414 /* Pods_Japx_Example.framework */ = {isa = PBXFileReference; explicitFileType = wrapper.framework; includeInIndex = 0; path = Pods_Japx_Example.framework; sourceTree = BUILT_PRODUCTS_DIR; };
		3E339B07307792AB77CDAF44 /* Pods-Japx_Tests.debug.xcconfig */ = {isa = PBXFileReference; includeInIndex = 1; lastKnownFileType = text.xcconfig; name = "Pods-Japx_Tests.debug.xcconfig"; path = "Target Support Files/Pods-Japx_Tests/Pods-Japx_Tests.debug.xcconfig"; sourceTree = "<group>"; };
		3FBD30A5A988306D6D8E013B /* Pods-Japx_Tests.release.xcconfig */ = {isa = PBXFileReference; includeInIndex = 1; lastKnownFileType = text.xcconfig; name = "Pods-Japx_Tests.release.xcconfig"; path = "Target Support Files/Pods-Japx_Tests/Pods-Japx_Tests.release.xcconfig"; sourceTree = "<group>"; };
		4F9A385C220099BC0063BEB3 /* DecoderTester.m */ = {isa = PBXFileReference; lastKnownFileType = sourcecode.c.objc; path = DecoderTester.m; sourceTree = "<group>"; };
		4F9A385E220099C80063BEB3 /* EncoderTester.m */ = {isa = PBXFileReference; lastKnownFileType = sourcecode.c.objc; path = EncoderTester.m; sourceTree = "<group>"; };
		607FACD01AFB9204008FA782 /* Japx_Example.app */ = {isa = PBXFileReference; explicitFileType = wrapper.application; includeInIndex = 0; path = Japx_Example.app; sourceTree = BUILT_PRODUCTS_DIR; };
		607FACE51AFB9204008FA782 /* Japx_Tests.xctest */ = {isa = PBXFileReference; explicitFileType = wrapper.cfbundle; includeInIndex = 0; path = Japx_Tests.xctest; sourceTree = BUILT_PRODUCTS_DIR; };
		607FACEA1AFB9204008FA782 /* Info.plist */ = {isa = PBXFileReference; lastKnownFileType = text.plist.xml; path = Info.plist; sourceTree = "<group>"; };
		60834688E61822E47423BCC7 /* Pods-Japx_Example.release.xcconfig */ = {isa = PBXFileReference; includeInIndex = 1; lastKnownFileType = text.xcconfig; name = "Pods-Japx_Example.release.xcconfig"; path = "Target Support Files/Pods-Japx_Example/Pods-Japx_Example.release.xcconfig"; sourceTree = "<group>"; };
		844462E22535DC06006E9A70 /* Japx_Example-SPM.app */ = {isa = PBXFileReference; explicitFileType = wrapper.application; includeInIndex = 0; path = "Japx_Example-SPM.app"; sourceTree = BUILT_PRODUCTS_DIR; };
		88820CF70E4C4B8D2A6EBECA /* LICENSE */ = {isa = PBXFileReference; includeInIndex = 1; lastKnownFileType = text; name = LICENSE; path = ../LICENSE; sourceTree = "<group>"; };
		94FB768D577F6B9FCD0512AB /* Japx.podspec */ = {isa = PBXFileReference; includeInIndex = 1; lastKnownFileType = text; name = Japx.podspec; path = ../Japx.podspec; sourceTree = "<group>"; xcLanguageSpecificationIdentifier = xcode.lang.ruby; };
		BB54DDB05A83058C0FABE091 /* Pods_Japx_Tests.framework */ = {isa = PBXFileReference; explicitFileType = wrapper.framework; includeInIndex = 0; path = Pods_Japx_Tests.framework; sourceTree = BUILT_PRODUCTS_DIR; };
		E18794E120189D8000E472C4 /* DecoderTester.swift */ = {isa = PBXFileReference; lastKnownFileType = sourcecode.swift; path = DecoderTester.swift; sourceTree = "<group>"; };
		E18794E320189D8E00E472C4 /* EncoderTester.swift */ = {isa = PBXFileReference; lastKnownFileType = sourcecode.swift; path = EncoderTester.swift; sourceTree = "<group>"; };
		E18794E720189EE500E472C4 /* AdditionalFunctions.swift */ = {isa = PBXFileReference; lastKnownFileType = sourcecode.swift; path = AdditionalFunctions.swift; sourceTree = "<group>"; };
		E18794F12018ABA000E472C4 /* ArticlePerson-Json.json */ = {isa = PBXFileReference; fileEncoding = 4; lastKnownFileType = text.json; path = "ArticlePerson-Json.json"; sourceTree = "<group>"; };
		E18794F22018ABA000E472C4 /* ArticlePerson-JsonApi.json */ = {isa = PBXFileReference; fileEncoding = 4; lastKnownFileType = text.json; path = "ArticlePerson-JsonApi.json"; sourceTree = "<group>"; };
		E18794F92018AEC900E472C4 /* RecursivSample-Json.json */ = {isa = PBXFileReference; fileEncoding = 4; lastKnownFileType = text.json; path = "RecursivSample-Json.json"; sourceTree = "<group>"; };
		E18794FA2018AEC900E472C4 /* RecursivSample-JsonApi.json */ = {isa = PBXFileReference; fileEncoding = 4; lastKnownFileType = text.json; path = "RecursivSample-JsonApi.json"; sourceTree = "<group>"; };
		E18794FE2018CA7100E472C4 /* MissingRelationship-Json.json */ = {isa = PBXFileReference; fileEncoding = 4; lastKnownFileType = text.json; path = "MissingRelationship-Json.json"; sourceTree = "<group>"; };
		E18794FF2018CA7100E472C4 /* MissingRelationship-JsonApi.json */ = {isa = PBXFileReference; fileEncoding = 4; lastKnownFileType = text.json; path = "MissingRelationship-JsonApi.json"; sourceTree = "<group>"; };
		E18795012018CA7100E472C4 /* ArticleExample-JsonApi.json */ = {isa = PBXFileReference; fileEncoding = 4; lastKnownFileType = text.json; path = "ArticleExample-JsonApi.json"; sourceTree = "<group>"; };
		E18795022018CA7100E472C4 /* ArticleExample-Json.json */ = {isa = PBXFileReference; fileEncoding = 4; lastKnownFileType = text.json; path = "ArticleExample-Json.json"; sourceTree = "<group>"; };
		E18795082018D76300E472C4 /* RecursivRelationships-Json.json */ = {isa = PBXFileReference; fileEncoding = 4; lastKnownFileType = text.json; path = "RecursivRelationships-Json.json"; sourceTree = "<group>"; };
		E18795092018D76300E472C4 /* RecursivRelationships-JsonApi.json */ = {isa = PBXFileReference; fileEncoding = 4; lastKnownFileType = text.json; path = "RecursivRelationships-JsonApi.json"; sourceTree = "<group>"; };
		E187950B2018D76300E472C4 /* SimpleEncoding-JsonApi.json */ = {isa = PBXFileReference; fileEncoding = 4; lastKnownFileType = text.json; path = "SimpleEncoding-JsonApi.json"; sourceTree = "<group>"; };
		E187950C2018D76300E472C4 /* SimpleEncoding-Json.json */ = {isa = PBXFileReference; fileEncoding = 4; lastKnownFileType = text.json; path = "SimpleEncoding-Json.json"; sourceTree = "<group>"; };
		E187950E2018D76300E472C4 /* ExtraParams-Json.json */ = {isa = PBXFileReference; fileEncoding = 4; lastKnownFileType = text.json; path = "ExtraParams-Json.json"; sourceTree = "<group>"; };
		E187950F2018D76300E472C4 /* ExtraParams-JsonApi.json */ = {isa = PBXFileReference; fileEncoding = 4; lastKnownFileType = text.json; path = "ExtraParams-JsonApi.json"; sourceTree = "<group>"; };
		E1F83D0A237D9A8B009F91CA /* Meta-NotAdded-JsonApi.json */ = {isa = PBXFileReference; fileEncoding = 4; lastKnownFileType = text.json; path = "Meta-NotAdded-JsonApi.json"; sourceTree = "<group>"; };
		E1F83D0B237D9A8C009F91CA /* Meta-Added-JsonApi.json */ = {isa = PBXFileReference; fileEncoding = 4; lastKnownFileType = text.json; path = "Meta-Added-JsonApi.json"; sourceTree = "<group>"; };
		E1F83D0C237D9A8C009F91CA /* Meta-Json.json */ = {isa = PBXFileReference; fileEncoding = 4; lastKnownFileType = text.json; path = "Meta-Json.json"; sourceTree = "<group>"; };
/* End PBXFileReference section */

/* Begin PBXFrameworksBuildPhase section */
		607FACCD1AFB9204008FA782 /* Frameworks */ = {
			isa = PBXFrameworksBuildPhase;
			buildActionMask = 2147483647;
			files = (
				25665645BE94D13E4E84A9EA /* Pods_Japx_Example.framework in Frameworks */,
			);
			runOnlyForDeploymentPostprocessing = 0;
		};
		607FACE21AFB9204008FA782 /* Frameworks */ = {
			isa = PBXFrameworksBuildPhase;
			buildActionMask = 2147483647;
			files = (
				7A05C33B93679C56C0139B02 /* Pods_Japx_Tests.framework in Frameworks */,
			);
			runOnlyForDeploymentPostprocessing = 0;
		};
		844462BC2535DC06006E9A70 /* Frameworks */ = {
			isa = PBXFrameworksBuildPhase;
			buildActionMask = 2147483647;
			files = (
				84390F5B2536DDB9000E2704 /* BuildFile in Frameworks */,
				84390F612536DDB9000E2704 /* BuildFile in Frameworks */,
				84390F692536DDB9000E2704 /* BuildFile in Frameworks */,
				84390F592536DDB9000E2704 /* BuildFile in Frameworks */,
				84390F5F2536DDB9000E2704 /* BuildFile in Frameworks */,
				84390F672536DDB9000E2704 /* BuildFile in Frameworks */,
				84390F652536DDB9000E2704 /* BuildFile in Frameworks */,
				84390F6B2536DDBA000E2704 /* BuildFile in Frameworks */,
				84390F632536DDB9000E2704 /* BuildFile in Frameworks */,
				84390F5D2536DDB9000E2704 /* BuildFile in Frameworks */,
				84390F572536DDB9000E2704 /* BuildFile in Frameworks */,
			);
			runOnlyForDeploymentPostprocessing = 0;
		};
/* End PBXFrameworksBuildPhase section */

/* Begin PBXGroup section */
		0A30B5C2231111360041F828 /* Include */ = {
			isa = PBXGroup;
			children = (
				E18794FE2018CA7100E472C4 /* MissingRelationship-Json.json */,
				E18794FF2018CA7100E472C4 /* MissingRelationship-JsonApi.json */,
			);
			path = Include;
			sourceTree = "<group>";
		};
		0A30B5C3231111400041F828 /* Object */ = {
			isa = PBXGroup;
			children = (
				0A30B5C52311117C0041F828 /* MissingRelationshipObject-Json.json */,
				0A30B5C62311117C0041F828 /* MissingRelationshipObject-JsonApi.json */,
				0A57D7FC231119AB0009FBEB /* MissingRelationshipObjectNull-Json.json */,
			);
			path = Object;
			sourceTree = "<group>";
		};
		0A30B5C4231111460041F828 /* Array */ = {
			isa = PBXGroup;
			children = (
				0A57D7FE231119C10009FBEB /* MissingRelationshipObjectsEmpty-Json.json */,
				0A30B5CB231111A60041F828 /* MissingRelationshipObjects-Json.json */,
				0A30B5CC231111A60041F828 /* MissingRelationshipObjects-JsonApi.json */,
			);
			path = Array;
			sourceTree = "<group>";
		};
		0A4CEF7321FF560400D3F0B8 /* RelationshipNoInclude */ = {
			isa = PBXGroup;
			children = (
				0A4CEF7421FF560400D3F0B8 /* RelationshipNoInclude-Json.json */,
				0A4CEF7521FF560400D3F0B8 /* RelationshipNoInclude-JsonApi.json */,
			);
			path = RelationshipNoInclude;
			sourceTree = "<group>";
		};
		0A6C2FED21FB3B7E00D16186 /* EmptyRelationship */ = {
			isa = PBXGroup;
			children = (
				0A6C2FF321FB3F4100D16186 /* EmptyRelationshipDeep-Json.json */,
				0A6C2FEE21FB3BB900D16186 /* EmptyRelationship-JsonApi.json */,
				0A6C2FF021FB3BD000D16186 /* EmptyRelationship-Json.json */,
			);
			path = EmptyRelationship;
			sourceTree = "<group>";
		};
		2C5FA415202CA35D00399CC7 /* Japx */ = {
			isa = PBXGroup;
			children = (
				2C5FA416202CA35D00399CC7 /* ResultViewController.swift */,
				2C5FA417202CA35D00399CC7 /* DecoderViewController.swift */,
				2C5FA418202CA35D00399CC7 /* EncoderViewController.swift */,
				2C5FA419202CA35D00399CC7 /* LaunchScreen.xib */,
				2C5FA41B202CA35D00399CC7 /* Main.storyboard */,
				2C5FA41D202CA35D00399CC7 /* PrettyPrint.swift */,
				2C5FA41E202CA35D00399CC7 /* ResultableProtocol.swift */,
				2C5FA41F202CA35D00399CC7 /* Images.xcassets */,
				2C5FA420202CA35D00399CC7 /* AppDelegate.swift */,
				2C5FA421202CA35D00399CC7 /* Info.plist */,
			);
			path = Japx;
			sourceTree = "<group>";
		};
		4F9A3856220095B50063BEB3 /* Objc */ = {
			isa = PBXGroup;
			children = (
				4F9A385C220099BC0063BEB3 /* DecoderTester.m */,
				4F9A385E220099C80063BEB3 /* EncoderTester.m */,
			);
			path = Objc;
			sourceTree = "<group>";
		};
		4F9A3857220095C30063BEB3 /* Swift */ = {
			isa = PBXGroup;
			children = (
				E18794E120189D8000E472C4 /* DecoderTester.swift */,
				E18794E320189D8E00E472C4 /* EncoderTester.swift */,
			);
			path = Swift;
			sourceTree = "<group>";
		};
		4F9A385B220099A00063BEB3 /* Utilities */ = {
			isa = PBXGroup;
			children = (
				E18794E720189EE500E472C4 /* AdditionalFunctions.swift */,
			);
			path = Utilities;
			sourceTree = "<group>";
		};
		607FACC71AFB9204008FA782 = {
			isa = PBXGroup;
			children = (
				607FACF51AFB993E008FA782 /* Podspec Metadata */,
				2C5FA415202CA35D00399CC7 /* Japx */,
				607FACE81AFB9204008FA782 /* Tests */,
				607FACD11AFB9204008FA782 /* Products */,
				7A030AB5F13F726B9AE16B37 /* Pods */,
				666A71D2D2AB3FCBE1973FD8 /* Frameworks */,
			);
			sourceTree = "<group>";
		};
		607FACD11AFB9204008FA782 /* Products */ = {
			isa = PBXGroup;
			children = (
				607FACD01AFB9204008FA782 /* Japx_Example.app */,
				607FACE51AFB9204008FA782 /* Japx_Tests.xctest */,
				844462E22535DC06006E9A70 /* Japx_Example-SPM.app */,
			);
			name = Products;
			sourceTree = "<group>";
		};
		607FACE81AFB9204008FA782 /* Tests */ = {
			isa = PBXGroup;
			children = (
				4F9A385B220099A00063BEB3 /* Utilities */,
				4F9A3856220095B50063BEB3 /* Objc */,
				4F9A3857220095C30063BEB3 /* Swift */,
				E18794ED2018ABA000E472C4 /* Resources */,
				607FACE91AFB9204008FA782 /* Supporting Files */,
			);
			path = Tests;
			sourceTree = "<group>";
		};
		607FACE91AFB9204008FA782 /* Supporting Files */ = {
			isa = PBXGroup;
			children = (
				607FACEA1AFB9204008FA782 /* Info.plist */,
			);
			name = "Supporting Files";
			sourceTree = "<group>";
		};
		607FACF51AFB993E008FA782 /* Podspec Metadata */ = {
			isa = PBXGroup;
			children = (
				94FB768D577F6B9FCD0512AB /* Japx.podspec */,
				19331546F7078C51296A6FE1 /* README.md */,
				88820CF70E4C4B8D2A6EBECA /* LICENSE */,
			);
			name = "Podspec Metadata";
			sourceTree = "<group>";
		};
		666A71D2D2AB3FCBE1973FD8 /* Frameworks */ = {
			isa = PBXGroup;
			children = (
				3A8118F96A5567F186315414 /* Pods_Japx_Example.framework */,
				BB54DDB05A83058C0FABE091 /* Pods_Japx_Tests.framework */,
			);
			name = Frameworks;
			sourceTree = "<group>";
		};
		7A030AB5F13F726B9AE16B37 /* Pods */ = {
			isa = PBXGroup;
			children = (
				2802887F2EFB4FFDC9087F22 /* Pods-Japx_Example.debug.xcconfig */,
				60834688E61822E47423BCC7 /* Pods-Japx_Example.release.xcconfig */,
				3E339B07307792AB77CDAF44 /* Pods-Japx_Tests.debug.xcconfig */,
				3FBD30A5A988306D6D8E013B /* Pods-Japx_Tests.release.xcconfig */,
			);
			path = Pods;
			sourceTree = "<group>";
		};
		E18794ED2018ABA000E472C4 /* Resources */ = {
			isa = PBXGroup;
			children = (
				E18794EF2018ABA000E472C4 /* Decoding */,
				E18794EE2018ABA000E472C4 /* Encoding */,
			);
			path = Resources;
			sourceTree = "<group>";
		};
		E18794EE2018ABA000E472C4 /* Encoding */ = {
			isa = PBXGroup;
			children = (
				E1F83D09237D99A9009F91CA /* MetaParams */,
				E187950D2018D76300E472C4 /* ExtraParams */,
				E18795072018D76300E472C4 /* RecursivRelationships */,
				E187950A2018D76300E472C4 /* SimpleEncoding */,
			);
			path = Encoding;
			sourceTree = "<group>";
		};
		E18794EF2018ABA000E472C4 /* Decoding */ = {
			isa = PBXGroup;
			children = (
				0A4CEF7321FF560400D3F0B8 /* RelationshipNoInclude */,
				0A6C2FED21FB3B7E00D16186 /* EmptyRelationship */,
				E18795002018CA7100E472C4 /* ArticleExample */,
				E18794F02018ABA000E472C4 /* ArticlePerson */,
				E18794FD2018CA7100E472C4 /* MissingRelationship */,
				E18794F82018AEC900E472C4 /* RecursivSample */,
			);
			path = Decoding;
			sourceTree = "<group>";
		};
		E18794F02018ABA000E472C4 /* ArticlePerson */ = {
			isa = PBXGroup;
			children = (
				E18794F12018ABA000E472C4 /* ArticlePerson-Json.json */,
				E18794F22018ABA000E472C4 /* ArticlePerson-JsonApi.json */,
			);
			path = ArticlePerson;
			sourceTree = "<group>";
		};
		E18794F82018AEC900E472C4 /* RecursivSample */ = {
			isa = PBXGroup;
			children = (
				E18794F92018AEC900E472C4 /* RecursivSample-Json.json */,
				E18794FA2018AEC900E472C4 /* RecursivSample-JsonApi.json */,
			);
			path = RecursivSample;
			sourceTree = "<group>";
		};
		E18794FD2018CA7100E472C4 /* MissingRelationship */ = {
			isa = PBXGroup;
			children = (
				0A30B5C2231111360041F828 /* Include */,
				0A30B5C3231111400041F828 /* Object */,
				0A30B5C4231111460041F828 /* Array */,
			);
			path = MissingRelationship;
			sourceTree = "<group>";
		};
		E18795002018CA7100E472C4 /* ArticleExample */ = {
			isa = PBXGroup;
			children = (
				E18795012018CA7100E472C4 /* ArticleExample-JsonApi.json */,
				E18795022018CA7100E472C4 /* ArticleExample-Json.json */,
			);
			path = ArticleExample;
			sourceTree = "<group>";
		};
		E18795072018D76300E472C4 /* RecursivRelationships */ = {
			isa = PBXGroup;
			children = (
				E18795082018D76300E472C4 /* RecursivRelationships-Json.json */,
				E18795092018D76300E472C4 /* RecursivRelationships-JsonApi.json */,
			);
			path = RecursivRelationships;
			sourceTree = "<group>";
		};
		E187950A2018D76300E472C4 /* SimpleEncoding */ = {
			isa = PBXGroup;
			children = (
				E187950B2018D76300E472C4 /* SimpleEncoding-JsonApi.json */,
				E187950C2018D76300E472C4 /* SimpleEncoding-Json.json */,
			);
			path = SimpleEncoding;
			sourceTree = "<group>";
		};
		E187950D2018D76300E472C4 /* ExtraParams */ = {
			isa = PBXGroup;
			children = (
				E187950E2018D76300E472C4 /* ExtraParams-Json.json */,
				E187950F2018D76300E472C4 /* ExtraParams-JsonApi.json */,
			);
			path = ExtraParams;
			sourceTree = "<group>";
		};
		E1F83D09237D99A9009F91CA /* MetaParams */ = {
			isa = PBXGroup;
			children = (
				E1F83D0C237D9A8C009F91CA /* Meta-Json.json */,
				E1F83D0B237D9A8C009F91CA /* Meta-Added-JsonApi.json */,
				E1F83D0A237D9A8B009F91CA /* Meta-NotAdded-JsonApi.json */,
			);
			path = MetaParams;
			sourceTree = "<group>";
		};
/* End PBXGroup section */

/* Begin PBXNativeTarget section */
		607FACCF1AFB9204008FA782 /* Japx_Example */ = {
			isa = PBXNativeTarget;
			buildConfigurationList = 607FACEF1AFB9204008FA782 /* Build configuration list for PBXNativeTarget "Japx_Example" */;
			buildPhases = (
				7FA5AE0B9B8A51298DC132FF /* [CP] Check Pods Manifest.lock */,
				607FACCC1AFB9204008FA782 /* Sources */,
				607FACCD1AFB9204008FA782 /* Frameworks */,
				607FACCE1AFB9204008FA782 /* Resources */,
				550D3BF629DA235782DED9BA /* [CP] Embed Pods Frameworks */,
			);
			buildRules = (
			);
			dependencies = (
			);
			name = Japx_Example;
			productName = Japx;
			productReference = 607FACD01AFB9204008FA782 /* Japx_Example.app */;
			productType = "com.apple.product-type.application";
		};
		607FACE41AFB9204008FA782 /* Japx_Tests */ = {
			isa = PBXNativeTarget;
			buildConfigurationList = 607FACF21AFB9204008FA782 /* Build configuration list for PBXNativeTarget "Japx_Tests" */;
			buildPhases = (
				B19AF69C4501428F4D55EA5F /* [CP] Check Pods Manifest.lock */,
				607FACE11AFB9204008FA782 /* Sources */,
				607FACE21AFB9204008FA782 /* Frameworks */,
				607FACE31AFB9204008FA782 /* Resources */,
				F47CAEB1F6AA0103C083F1E1 /* [CP] Embed Pods Frameworks */,
			);
			buildRules = (
			);
			dependencies = (
				607FACE71AFB9204008FA782 /* PBXTargetDependency */,
			);
			name = Japx_Tests;
			productName = Tests;
			productReference = 607FACE51AFB9204008FA782 /* Japx_Tests.xctest */;
			productType = "com.apple.product-type.bundle.unit-test";
		};
		844462B32535DC06006E9A70 /* Japx_Example-SPM */ = {
			isa = PBXNativeTarget;
			buildConfigurationList = 844462DF2535DC06006E9A70 /* Build configuration list for PBXNativeTarget "Japx_Example-SPM" */;
			buildPhases = (
				844462B52535DC06006E9A70 /* Sources */,
				844462BC2535DC06006E9A70 /* Frameworks */,
				844462BE2535DC06006E9A70 /* Resources */,
			);
			buildRules = (
			);
			dependencies = (
			);
			name = "Japx_Example-SPM";
			packageProductDependencies = (
				84390F562536DDB9000E2704 /* SwiftPackageProductDependency */,
				84390F582536DDB9000E2704 /* SwiftPackageProductDependency */,
				84390F5A2536DDB9000E2704 /* SwiftPackageProductDependency */,
				84390F5C2536DDB9000E2704 /* SwiftPackageProductDependency */,
				84390F5E2536DDB9000E2704 /* SwiftPackageProductDependency */,
				84390F602536DDB9000E2704 /* SwiftPackageProductDependency */,
				84390F622536DDB9000E2704 /* SwiftPackageProductDependency */,
				84390F642536DDB9000E2704 /* SwiftPackageProductDependency */,
				84390F662536DDB9000E2704 /* SwiftPackageProductDependency */,
				84390F682536DDB9000E2704 /* SwiftPackageProductDependency */,
				84390F6A2536DDBA000E2704 /* SwiftPackageProductDependency */,
			);
			productName = Japx;
			productReference = 844462E22535DC06006E9A70 /* Japx_Example-SPM.app */;
			productType = "com.apple.product-type.application";
		};
/* End PBXNativeTarget section */

/* Begin PBXProject section */
		607FACC81AFB9204008FA782 /* Project object */ = {
			isa = PBXProject;
			attributes = {
				LastSwiftUpdateCheck = 0830;
				LastUpgradeCheck = 1020;
				ORGANIZATIONNAME = CocoaPods;
				TargetAttributes = {
					607FACCF1AFB9204008FA782 = {
						CreatedOnToolsVersion = 6.3.1;
						DevelopmentTeam = 5F5M64F878;
						LastSwiftMigration = 0900;
					};
					607FACE41AFB9204008FA782 = {
						CreatedOnToolsVersion = 6.3.1;
						DevelopmentTeam = 5F5M64F878;
						LastSwiftMigration = 1010;
						TestTargetID = 607FACCF1AFB9204008FA782;
					};
					844462B32535DC06006E9A70 = {
						DevelopmentTeam = 5F5M64F878;
					};
				};
			};
			buildConfigurationList = 607FACCB1AFB9204008FA782 /* Build configuration list for PBXProject "Japx" */;
			compatibilityVersion = "Xcode 3.2";
			developmentRegion = English;
			hasScannedForEncodings = 0;
			knownRegions = (
				English,
				en,
				Base,
			);
			mainGroup = 607FACC71AFB9204008FA782;
			productRefGroup = 607FACD11AFB9204008FA782 /* Products */;
			projectDirPath = "";
			projectRoot = "";
			targets = (
				607FACCF1AFB9204008FA782 /* Japx_Example */,
				607FACE41AFB9204008FA782 /* Japx_Tests */,
				844462B32535DC06006E9A70 /* Japx_Example-SPM */,
			);
		};
/* End PBXProject section */

/* Begin PBXResourcesBuildPhase section */
		607FACCE1AFB9204008FA782 /* Resources */ = {
			isa = PBXResourcesBuildPhase;
			buildActionMask = 2147483647;
			files = (
				E18794FB2018AEC900E472C4 /* RecursivSample-Json.json in Resources */,
				2C5FA429202CA35D00399CC7 /* Images.xcassets in Resources */,
				0A4CEF7721FF560400D3F0B8 /* RelationshipNoInclude-JsonApi.json in Resources */,
				E1F83D0D237D9A8C009F91CA /* Meta-NotAdded-JsonApi.json in Resources */,
				E18794FC2018AEC900E472C4 /* RecursivSample-JsonApi.json in Resources */,
				0A57D7FD231119AC0009FBEB /* MissingRelationshipObjectNull-Json.json in Resources */,
				E18795042018CA7100E472C4 /* MissingRelationship-JsonApi.json in Resources */,
				E18795062018CA7100E472C4 /* ArticleExample-Json.json in Resources */,
				0A30B5CE231111A60041F828 /* MissingRelationshipObjects-JsonApi.json in Resources */,
				E18794F32018ABA000E472C4 /* ArticlePerson-Json.json in Resources */,
				2C5FA42C202CA39500399CC7 /* Main.storyboard in Resources */,
				E18795132018D76300E472C4 /* SimpleEncoding-Json.json in Resources */,
				E1F83D0E237D9A8C009F91CA /* Meta-Added-JsonApi.json in Resources */,
				E1F83D0F237D9A8C009F91CA /* Meta-Json.json in Resources */,
				E18795102018D76300E472C4 /* RecursivRelationships-Json.json in Resources */,
				0A6C2FF121FB3BD000D16186 /* EmptyRelationship-Json.json in Resources */,
				0A57D7FF231119C10009FBEB /* MissingRelationshipObjectsEmpty-Json.json in Resources */,
				E18795152018D76300E472C4 /* ExtraParams-JsonApi.json in Resources */,
				E18795112018D76300E472C4 /* RecursivRelationships-JsonApi.json in Resources */,
				0A30B5CD231111A60041F828 /* MissingRelationshipObjects-Json.json in Resources */,
				0A30B5CA231111850041F828 /* MissingRelationshipObject-Json.json in Resources */,
				E18795142018D76300E472C4 /* ExtraParams-Json.json in Resources */,
				E18795122018D76300E472C4 /* SimpleEncoding-JsonApi.json in Resources */,
				E18795032018CA7100E472C4 /* MissingRelationship-Json.json in Resources */,
				E18795052018CA7100E472C4 /* ArticleExample-JsonApi.json in Resources */,
				E18794F42018ABA000E472C4 /* ArticlePerson-JsonApi.json in Resources */,
				0A6C2FF621FB3F4900D16186 /* EmptyRelationshipDeep-Json.json in Resources */,
				2C5FA42D202CA39700399CC7 /* LaunchScreen.xib in Resources */,
				0A4CEF7621FF560400D3F0B8 /* RelationshipNoInclude-Json.json in Resources */,
				0A30B5C9231111820041F828 /* MissingRelationshipObject-JsonApi.json in Resources */,
				0A6C2FEF21FB3BB900D16186 /* EmptyRelationship-JsonApi.json in Resources */,
			);
			runOnlyForDeploymentPostprocessing = 0;
		};
		607FACE31AFB9204008FA782 /* Resources */ = {
			isa = PBXResourcesBuildPhase;
			buildActionMask = 2147483647;
			files = (
			);
			runOnlyForDeploymentPostprocessing = 0;
		};
		844462BE2535DC06006E9A70 /* Resources */ = {
			isa = PBXResourcesBuildPhase;
			buildActionMask = 2147483647;
			files = (
				844462BF2535DC06006E9A70 /* RecursivSample-Json.json in Resources */,
				844462C02535DC06006E9A70 /* Images.xcassets in Resources */,
				844462C12535DC06006E9A70 /* RelationshipNoInclude-JsonApi.json in Resources */,
				844462C22535DC06006E9A70 /* Meta-NotAdded-JsonApi.json in Resources */,
				844462C32535DC06006E9A70 /* RecursivSample-JsonApi.json in Resources */,
				844462C42535DC06006E9A70 /* MissingRelationshipObjectNull-Json.json in Resources */,
				844462C52535DC06006E9A70 /* MissingRelationship-JsonApi.json in Resources */,
				844462C62535DC06006E9A70 /* ArticleExample-Json.json in Resources */,
				844462C72535DC06006E9A70 /* MissingRelationshipObjects-JsonApi.json in Resources */,
				844462C82535DC06006E9A70 /* ArticlePerson-Json.json in Resources */,
				844462C92535DC06006E9A70 /* Main.storyboard in Resources */,
				844462CA2535DC06006E9A70 /* SimpleEncoding-Json.json in Resources */,
				844462CB2535DC06006E9A70 /* Meta-Added-JsonApi.json in Resources */,
				844462CC2535DC06006E9A70 /* Meta-Json.json in Resources */,
				844462CD2535DC06006E9A70 /* RecursivRelationships-Json.json in Resources */,
				844462CE2535DC06006E9A70 /* EmptyRelationship-Json.json in Resources */,
				844462CF2535DC06006E9A70 /* MissingRelationshipObjectsEmpty-Json.json in Resources */,
				844462D02535DC06006E9A70 /* ExtraParams-JsonApi.json in Resources */,
				844462D12535DC06006E9A70 /* RecursivRelationships-JsonApi.json in Resources */,
				844462D22535DC06006E9A70 /* MissingRelationshipObjects-Json.json in Resources */,
				844462D32535DC06006E9A70 /* MissingRelationshipObject-Json.json in Resources */,
				844462D42535DC06006E9A70 /* ExtraParams-Json.json in Resources */,
				844462D52535DC06006E9A70 /* SimpleEncoding-JsonApi.json in Resources */,
				844462D62535DC06006E9A70 /* MissingRelationship-Json.json in Resources */,
				844462D72535DC06006E9A70 /* ArticleExample-JsonApi.json in Resources */,
				844462D82535DC06006E9A70 /* ArticlePerson-JsonApi.json in Resources */,
				844462D92535DC06006E9A70 /* EmptyRelationshipDeep-Json.json in Resources */,
				844462DA2535DC06006E9A70 /* LaunchScreen.xib in Resources */,
				844462DB2535DC06006E9A70 /* RelationshipNoInclude-Json.json in Resources */,
				844462DC2535DC06006E9A70 /* MissingRelationshipObject-JsonApi.json in Resources */,
				844462DD2535DC06006E9A70 /* EmptyRelationship-JsonApi.json in Resources */,
			);
			runOnlyForDeploymentPostprocessing = 0;
		};
/* End PBXResourcesBuildPhase section */

/* Begin PBXShellScriptBuildPhase section */
		550D3BF629DA235782DED9BA /* [CP] Embed Pods Frameworks */ = {
			isa = PBXShellScriptBuildPhase;
			buildActionMask = 2147483647;
			files = (
			);
			inputFileListPaths = (
				"${PODS_ROOT}/Target Support Files/Pods-Japx_Example/Pods-Japx_Example-frameworks-${CONFIGURATION}-input-files.xcfilelist",
			);
			name = "[CP] Embed Pods Frameworks";
			outputFileListPaths = (
				"${PODS_ROOT}/Target Support Files/Pods-Japx_Example/Pods-Japx_Example-frameworks-${CONFIGURATION}-output-files.xcfilelist",
			);
			runOnlyForDeploymentPostprocessing = 0;
			shellPath = /bin/sh;
			shellScript = "\"${PODS_ROOT}/Target Support Files/Pods-Japx_Example/Pods-Japx_Example-frameworks.sh\"\n";
			showEnvVarsInLog = 0;
		};
		7FA5AE0B9B8A51298DC132FF /* [CP] Check Pods Manifest.lock */ = {
			isa = PBXShellScriptBuildPhase;
			buildActionMask = 2147483647;
			files = (
			);
			inputFileListPaths = (
			);
			inputPaths = (
				"${PODS_PODFILE_DIR_PATH}/Podfile.lock",
				"${PODS_ROOT}/Manifest.lock",
			);
			name = "[CP] Check Pods Manifest.lock";
			outputFileListPaths = (
			);
			outputPaths = (
				"$(DERIVED_FILE_DIR)/Pods-Japx_Example-checkManifestLockResult.txt",
			);
			runOnlyForDeploymentPostprocessing = 0;
			shellPath = /bin/sh;
			shellScript = "diff \"${PODS_PODFILE_DIR_PATH}/Podfile.lock\" \"${PODS_ROOT}/Manifest.lock\" > /dev/null\nif [ $? != 0 ] ; then\n    # print error to STDERR\n    echo \"error: The sandbox is not in sync with the Podfile.lock. Run 'pod install' or update your CocoaPods installation.\" >&2\n    exit 1\nfi\n# This output is used by Xcode 'outputs' to avoid re-running this script phase.\necho \"SUCCESS\" > \"${SCRIPT_OUTPUT_FILE_0}\"\n";
			showEnvVarsInLog = 0;
		};
		B19AF69C4501428F4D55EA5F /* [CP] Check Pods Manifest.lock */ = {
			isa = PBXShellScriptBuildPhase;
			buildActionMask = 2147483647;
			files = (
			);
			inputFileListPaths = (
			);
			inputPaths = (
				"${PODS_PODFILE_DIR_PATH}/Podfile.lock",
				"${PODS_ROOT}/Manifest.lock",
			);
			name = "[CP] Check Pods Manifest.lock";
			outputFileListPaths = (
			);
			outputPaths = (
				"$(DERIVED_FILE_DIR)/Pods-Japx_Tests-checkManifestLockResult.txt",
			);
			runOnlyForDeploymentPostprocessing = 0;
			shellPath = /bin/sh;
			shellScript = "diff \"${PODS_PODFILE_DIR_PATH}/Podfile.lock\" \"${PODS_ROOT}/Manifest.lock\" > /dev/null\nif [ $? != 0 ] ; then\n    # print error to STDERR\n    echo \"error: The sandbox is not in sync with the Podfile.lock. Run 'pod install' or update your CocoaPods installation.\" >&2\n    exit 1\nfi\n# This output is used by Xcode 'outputs' to avoid re-running this script phase.\necho \"SUCCESS\" > \"${SCRIPT_OUTPUT_FILE_0}\"\n";
			showEnvVarsInLog = 0;
		};
		F47CAEB1F6AA0103C083F1E1 /* [CP] Embed Pods Frameworks */ = {
			isa = PBXShellScriptBuildPhase;
			buildActionMask = 2147483647;
			files = (
			);
			inputFileListPaths = (
				"${PODS_ROOT}/Target Support Files/Pods-Japx_Tests/Pods-Japx_Tests-frameworks-${CONFIGURATION}-input-files.xcfilelist",
			);
			name = "[CP] Embed Pods Frameworks";
			outputFileListPaths = (
				"${PODS_ROOT}/Target Support Files/Pods-Japx_Tests/Pods-Japx_Tests-frameworks-${CONFIGURATION}-output-files.xcfilelist",
			);
			runOnlyForDeploymentPostprocessing = 0;
			shellPath = /bin/sh;
			shellScript = "\"${PODS_ROOT}/Target Support Files/Pods-Japx_Tests/Pods-Japx_Tests-frameworks.sh\"\n";
			showEnvVarsInLog = 0;
		};
/* End PBXShellScriptBuildPhase section */

/* Begin PBXSourcesBuildPhase section */
		607FACCC1AFB9204008FA782 /* Sources */ = {
			isa = PBXSourcesBuildPhase;
			buildActionMask = 2147483647;
			files = (
				2C5FA42A202CA35D00399CC7 /* AppDelegate.swift in Sources */,
				2C5FA422202CA35D00399CC7 /* ResultViewController.swift in Sources */,
				2C5FA423202CA35D00399CC7 /* DecoderViewController.swift in Sources */,
				2C5FA424202CA35D00399CC7 /* EncoderViewController.swift in Sources */,
				2C5FA428202CA35D00399CC7 /* ResultableProtocol.swift in Sources */,
				2C5FA427202CA35D00399CC7 /* PrettyPrint.swift in Sources */,
			);
			runOnlyForDeploymentPostprocessing = 0;
		};
		607FACE11AFB9204008FA782 /* Sources */ = {
			isa = PBXSourcesBuildPhase;
			buildActionMask = 2147483647;
			files = (
				E18794E620189E8B00E472C4 /* EncoderTester.swift in Sources */,
				4F9A385F220099C80063BEB3 /* EncoderTester.m in Sources */,
				E18794F52018AC2200E472C4 /* AdditionalFunctions.swift in Sources */,
				E18794E520189E8B00E472C4 /* DecoderTester.swift in Sources */,
				4F9A385D220099BC0063BEB3 /* DecoderTester.m in Sources */,
			);
			runOnlyForDeploymentPostprocessing = 0;
		};
		844462B52535DC06006E9A70 /* Sources */ = {
			isa = PBXSourcesBuildPhase;
			buildActionMask = 2147483647;
			files = (
				844462B62535DC06006E9A70 /* AppDelegate.swift in Sources */,
				844462B72535DC06006E9A70 /* ResultViewController.swift in Sources */,
				844462B82535DC06006E9A70 /* DecoderViewController.swift in Sources */,
				844462B92535DC06006E9A70 /* EncoderViewController.swift in Sources */,
				844462BA2535DC06006E9A70 /* ResultableProtocol.swift in Sources */,
				844462BB2535DC06006E9A70 /* PrettyPrint.swift in Sources */,
			);
			runOnlyForDeploymentPostprocessing = 0;
		};
/* End PBXSourcesBuildPhase section */

/* Begin PBXTargetDependency section */
		607FACE71AFB9204008FA782 /* PBXTargetDependency */ = {
			isa = PBXTargetDependency;
			target = 607FACCF1AFB9204008FA782 /* Japx_Example */;
			targetProxy = 607FACE61AFB9204008FA782 /* PBXContainerItemProxy */;
		};
/* End PBXTargetDependency section */

/* Begin PBXVariantGroup section */
		2C5FA419202CA35D00399CC7 /* LaunchScreen.xib */ = {
			isa = PBXVariantGroup;
			children = (
				2C5FA41A202CA35D00399CC7 /* Base */,
			);
			name = LaunchScreen.xib;
			sourceTree = "<group>";
		};
		2C5FA41B202CA35D00399CC7 /* Main.storyboard */ = {
			isa = PBXVariantGroup;
			children = (
				2C5FA41C202CA35D00399CC7 /* Base */,
			);
			name = Main.storyboard;
			sourceTree = "<group>";
		};
/* End PBXVariantGroup section */

/* Begin XCBuildConfiguration section */
		607FACED1AFB9204008FA782 /* Debug */ = {
			isa = XCBuildConfiguration;
			buildSettings = {
				ALWAYS_SEARCH_USER_PATHS = NO;
				CLANG_ANALYZER_LOCALIZABILITY_NONLOCALIZED = YES;
				CLANG_CXX_LANGUAGE_STANDARD = "gnu++0x";
				CLANG_CXX_LIBRARY = "libc++";
				CLANG_ENABLE_MODULES = YES;
				CLANG_ENABLE_OBJC_ARC = YES;
				CLANG_WARN_BLOCK_CAPTURE_AUTORELEASING = YES;
				CLANG_WARN_BOOL_CONVERSION = YES;
				CLANG_WARN_COMMA = YES;
				CLANG_WARN_CONSTANT_CONVERSION = YES;
				CLANG_WARN_DEPRECATED_OBJC_IMPLEMENTATIONS = YES;
				CLANG_WARN_DIRECT_OBJC_ISA_USAGE = YES_ERROR;
				CLANG_WARN_EMPTY_BODY = YES;
				CLANG_WARN_ENUM_CONVERSION = YES;
				CLANG_WARN_INFINITE_RECURSION = YES;
				CLANG_WARN_INT_CONVERSION = YES;
				CLANG_WARN_NON_LITERAL_NULL_CONVERSION = YES;
				CLANG_WARN_OBJC_IMPLICIT_RETAIN_SELF = YES;
				CLANG_WARN_OBJC_LITERAL_CONVERSION = YES;
				CLANG_WARN_OBJC_ROOT_CLASS = YES_ERROR;
				CLANG_WARN_RANGE_LOOP_ANALYSIS = YES;
				CLANG_WARN_STRICT_PROTOTYPES = YES;
				CLANG_WARN_SUSPICIOUS_MOVE = YES;
				CLANG_WARN_UNREACHABLE_CODE = YES;
				CLANG_WARN__DUPLICATE_METHOD_MATCH = YES;
				"CODE_SIGN_IDENTITY[sdk=iphoneos*]" = "iPhone Developer";
				COPY_PHASE_STRIP = NO;
				DEBUG_INFORMATION_FORMAT = "dwarf-with-dsym";
				ENABLE_STRICT_OBJC_MSGSEND = YES;
				ENABLE_TESTABILITY = YES;
				GCC_C_LANGUAGE_STANDARD = gnu99;
				GCC_DYNAMIC_NO_PIC = NO;
				GCC_NO_COMMON_BLOCKS = YES;
				GCC_OPTIMIZATION_LEVEL = 0;
				GCC_PREPROCESSOR_DEFINITIONS = (
					"DEBUG=1",
					"$(inherited)",
				);
				GCC_SYMBOLS_PRIVATE_EXTERN = NO;
				GCC_WARN_64_TO_32_BIT_CONVERSION = YES;
				GCC_WARN_ABOUT_RETURN_TYPE = YES_ERROR;
				GCC_WARN_UNDECLARED_SELECTOR = YES;
				GCC_WARN_UNINITIALIZED_AUTOS = YES_AGGRESSIVE;
				GCC_WARN_UNUSED_FUNCTION = YES;
				GCC_WARN_UNUSED_VARIABLE = YES;
				IPHONEOS_DEPLOYMENT_TARGET = 10.0;
				MTL_ENABLE_DEBUG_INFO = YES;
				ONLY_ACTIVE_ARCH = YES;
				SDKROOT = iphoneos;
				SWIFT_OPTIMIZATION_LEVEL = "-Onone";
				SWIFT_VERSION = 5.0;
			};
			name = Debug;
		};
		607FACEE1AFB9204008FA782 /* Release */ = {
			isa = XCBuildConfiguration;
			buildSettings = {
				ALWAYS_SEARCH_USER_PATHS = NO;
				CLANG_ANALYZER_LOCALIZABILITY_NONLOCALIZED = YES;
				CLANG_CXX_LANGUAGE_STANDARD = "gnu++0x";
				CLANG_CXX_LIBRARY = "libc++";
				CLANG_ENABLE_MODULES = YES;
				CLANG_ENABLE_OBJC_ARC = YES;
				CLANG_WARN_BLOCK_CAPTURE_AUTORELEASING = YES;
				CLANG_WARN_BOOL_CONVERSION = YES;
				CLANG_WARN_COMMA = YES;
				CLANG_WARN_CONSTANT_CONVERSION = YES;
				CLANG_WARN_DEPRECATED_OBJC_IMPLEMENTATIONS = YES;
				CLANG_WARN_DIRECT_OBJC_ISA_USAGE = YES_ERROR;
				CLANG_WARN_EMPTY_BODY = YES;
				CLANG_WARN_ENUM_CONVERSION = YES;
				CLANG_WARN_INFINITE_RECURSION = YES;
				CLANG_WARN_INT_CONVERSION = YES;
				CLANG_WARN_NON_LITERAL_NULL_CONVERSION = YES;
				CLANG_WARN_OBJC_IMPLICIT_RETAIN_SELF = YES;
				CLANG_WARN_OBJC_LITERAL_CONVERSION = YES;
				CLANG_WARN_OBJC_ROOT_CLASS = YES_ERROR;
				CLANG_WARN_RANGE_LOOP_ANALYSIS = YES;
				CLANG_WARN_STRICT_PROTOTYPES = YES;
				CLANG_WARN_SUSPICIOUS_MOVE = YES;
				CLANG_WARN_UNREACHABLE_CODE = YES;
				CLANG_WARN__DUPLICATE_METHOD_MATCH = YES;
				"CODE_SIGN_IDENTITY[sdk=iphoneos*]" = "iPhone Developer";
				COPY_PHASE_STRIP = NO;
				DEBUG_INFORMATION_FORMAT = "dwarf-with-dsym";
				ENABLE_NS_ASSERTIONS = NO;
				ENABLE_STRICT_OBJC_MSGSEND = YES;
				GCC_C_LANGUAGE_STANDARD = gnu99;
				GCC_NO_COMMON_BLOCKS = YES;
				GCC_WARN_64_TO_32_BIT_CONVERSION = YES;
				GCC_WARN_ABOUT_RETURN_TYPE = YES_ERROR;
				GCC_WARN_UNDECLARED_SELECTOR = YES;
				GCC_WARN_UNINITIALIZED_AUTOS = YES_AGGRESSIVE;
				GCC_WARN_UNUSED_FUNCTION = YES;
				GCC_WARN_UNUSED_VARIABLE = YES;
				IPHONEOS_DEPLOYMENT_TARGET = 10.0;
				MTL_ENABLE_DEBUG_INFO = NO;
				SDKROOT = iphoneos;
				SWIFT_COMPILATION_MODE = wholemodule;
				SWIFT_OPTIMIZATION_LEVEL = "-O";
				SWIFT_VERSION = 5.0;
				VALIDATE_PRODUCT = YES;
			};
			name = Release;
		};
		607FACF01AFB9204008FA782 /* Debug */ = {
			isa = XCBuildConfiguration;
			baseConfigurationReference = 2802887F2EFB4FFDC9087F22 /* Pods-Japx_Example.debug.xcconfig */;
			buildSettings = {
				ASSETCATALOG_COMPILER_APPICON_NAME = AppIcon;
				DEVELOPMENT_TEAM = 5F5M64F878;
				INFOPLIST_FILE = Japx/Info.plist;
				LD_RUNPATH_SEARCH_PATHS = (
					"$(inherited)",
					"@executable_path/Frameworks",
				);
				MODULE_NAME = ExampleApp;
				PRODUCT_BUNDLE_IDENTIFIER = "co.infinum.demo.Japx-Example";
				PRODUCT_NAME = "$(TARGET_NAME)";
				SWIFT_SWIFT3_OBJC_INFERENCE = Default;
			};
			name = Debug;
		};
		607FACF11AFB9204008FA782 /* Release */ = {
			isa = XCBuildConfiguration;
			baseConfigurationReference = 60834688E61822E47423BCC7 /* Pods-Japx_Example.release.xcconfig */;
			buildSettings = {
				ASSETCATALOG_COMPILER_APPICON_NAME = AppIcon;
				DEVELOPMENT_TEAM = 5F5M64F878;
				INFOPLIST_FILE = Japx/Info.plist;
				LD_RUNPATH_SEARCH_PATHS = (
					"$(inherited)",
					"@executable_path/Frameworks",
				);
				MODULE_NAME = ExampleApp;
				PRODUCT_BUNDLE_IDENTIFIER = "co.infinum.demo.Japx-Example";
				PRODUCT_NAME = "$(TARGET_NAME)";
				SWIFT_SWIFT3_OBJC_INFERENCE = Default;
			};
			name = Release;
		};
		607FACF31AFB9204008FA782 /* Debug */ = {
			isa = XCBuildConfiguration;
			baseConfigurationReference = 3E339B07307792AB77CDAF44 /* Pods-Japx_Tests.debug.xcconfig */;
			buildSettings = {
				CLANG_ENABLE_MODULES = YES;
				DEVELOPMENT_TEAM = 5F5M64F878;
				FRAMEWORK_SEARCH_PATHS = "$(inherited)";
				GCC_PREPROCESSOR_DEFINITIONS = (
					"DEBUG=1",
					"$(inherited)",
				);
				INFOPLIST_FILE = Tests/Info.plist;
				LD_RUNPATH_SEARCH_PATHS = (
					"$(inherited)",
					"@executable_path/Frameworks",
					"@loader_path/Frameworks",
				);
				PRODUCT_BUNDLE_IDENTIFIER = "org.cocoapods.$(PRODUCT_NAME:rfc1034identifier)";
				PRODUCT_NAME = "$(TARGET_NAME)";
				SWIFT_OBJC_BRIDGING_HEADER = "";
				SWIFT_OPTIMIZATION_LEVEL = "-Onone";
				SWIFT_SWIFT3_OBJC_INFERENCE = Default;
				TEST_HOST = "$(BUILT_PRODUCTS_DIR)/Japx_Example.app/Japx_Example";
			};
			name = Debug;
		};
		607FACF41AFB9204008FA782 /* Release */ = {
			isa = XCBuildConfiguration;
			baseConfigurationReference = 3FBD30A5A988306D6D8E013B /* Pods-Japx_Tests.release.xcconfig */;
			buildSettings = {
				CLANG_ENABLE_MODULES = YES;
				DEVELOPMENT_TEAM = 5F5M64F878;
				FRAMEWORK_SEARCH_PATHS = "$(inherited)";
				INFOPLIST_FILE = Tests/Info.plist;
				LD_RUNPATH_SEARCH_PATHS = (
					"$(inherited)",
					"@executable_path/Frameworks",
					"@loader_path/Frameworks",
				);
				PRODUCT_BUNDLE_IDENTIFIER = "org.cocoapods.$(PRODUCT_NAME:rfc1034identifier)";
				PRODUCT_NAME = "$(TARGET_NAME)";
				SWIFT_OBJC_BRIDGING_HEADER = "";
				SWIFT_SWIFT3_OBJC_INFERENCE = Default;
				TEST_HOST = "$(BUILT_PRODUCTS_DIR)/Japx_Example.app/Japx_Example";
			};
			name = Release;
		};
		844462E02535DC06006E9A70 /* Debug */ = {
			isa = XCBuildConfiguration;
			buildSettings = {
				ASSETCATALOG_COMPILER_APPICON_NAME = AppIcon;
				DEVELOPMENT_TEAM = 5F5M64F878;
				INFOPLIST_FILE = Japx/Info.plist;
				LD_RUNPATH_SEARCH_PATHS = (
					"$(inherited)",
					"@executable_path/Frameworks",
				);
				MODULE_NAME = ExampleApp;
				PRODUCT_BUNDLE_IDENTIFIER = "co.infinum.demo.Japx-Example";
				PRODUCT_NAME = "$(TARGET_NAME)";
				SWIFT_SWIFT3_OBJC_INFERENCE = Default;
			};
			name = Debug;
		};
		844462E12535DC06006E9A70 /* Release */ = {
			isa = XCBuildConfiguration;
			buildSettings = {
				ASSETCATALOG_COMPILER_APPICON_NAME = AppIcon;
				DEVELOPMENT_TEAM = 5F5M64F878;
				INFOPLIST_FILE = Japx/Info.plist;
				LD_RUNPATH_SEARCH_PATHS = (
					"$(inherited)",
					"@executable_path/Frameworks",
				);
				MODULE_NAME = ExampleApp;
				PRODUCT_BUNDLE_IDENTIFIER = "co.infinum.demo.Japx-Example";
				PRODUCT_NAME = "$(TARGET_NAME)";
				SWIFT_SWIFT3_OBJC_INFERENCE = Default;
			};
			name = Release;
		};
/* End XCBuildConfiguration section */

/* Begin XCConfigurationList section */
		607FACCB1AFB9204008FA782 /* Build configuration list for PBXProject "Japx" */ = {
			isa = XCConfigurationList;
			buildConfigurations = (
				607FACED1AFB9204008FA782 /* Debug */,
				607FACEE1AFB9204008FA782 /* Release */,
			);
			defaultConfigurationIsVisible = 0;
			defaultConfigurationName = Release;
		};
		607FACEF1AFB9204008FA782 /* Build configuration list for PBXNativeTarget "Japx_Example" */ = {
			isa = XCConfigurationList;
			buildConfigurations = (
				607FACF01AFB9204008FA782 /* Debug */,
				607FACF11AFB9204008FA782 /* Release */,
			);
			defaultConfigurationIsVisible = 0;
			defaultConfigurationName = Release;
		};
		607FACF21AFB9204008FA782 /* Build configuration list for PBXNativeTarget "Japx_Tests" */ = {
			isa = XCConfigurationList;
			buildConfigurations = (
				607FACF31AFB9204008FA782 /* Debug */,
				607FACF41AFB9204008FA782 /* Release */,
			);
			defaultConfigurationIsVisible = 0;
			defaultConfigurationName = Release;
		};
		844462DF2535DC06006E9A70 /* Build configuration list for PBXNativeTarget "Japx_Example-SPM" */ = {
			isa = XCConfigurationList;
			buildConfigurations = (
				844462E02535DC06006E9A70 /* Debug */,
				844462E12535DC06006E9A70 /* Release */,
			);
			defaultConfigurationIsVisible = 0;
			defaultConfigurationName = Release;
		};
/* End XCConfigurationList section */

/* Begin XCSwiftPackageProductDependency section */
		84390F562536DDB9000E2704 /* SwiftPackageProductDependency */ = {
			isa = XCSwiftPackageProductDependency;
			productName = JapxAlamofire;
		};
		84390F582536DDB9000E2704 /* SwiftPackageProductDependency */ = {
			isa = XCSwiftPackageProductDependency;
			productName = JapxCodable;
		};
		84390F5A2536DDB9000E2704 /* SwiftPackageProductDependency */ = {
			isa = XCSwiftPackageProductDependency;
			productName = JapxCodableAlamofire;
		};
		84390F5C2536DDB9000E2704 /* SwiftPackageProductDependency */ = {
			isa = XCSwiftPackageProductDependency;
			productName = JapxCodableMoya;
		};
		84390F5E2536DDB9000E2704 /* SwiftPackageProductDependency */ = {
			isa = XCSwiftPackageProductDependency;
			productName = JapxCore;
		};
		84390F602536DDB9000E2704 /* SwiftPackageProductDependency */ = {
			isa = XCSwiftPackageProductDependency;
			productName = JapxMoya;
		};
		84390F622536DDB9000E2704 /* SwiftPackageProductDependency */ = {
			isa = XCSwiftPackageProductDependency;
			productName = JapxObjC;
		};
		84390F642536DDB9000E2704 /* SwiftPackageProductDependency */ = {
			isa = XCSwiftPackageProductDependency;
			productName = JapxRxAlamofire;
		};
		84390F662536DDB9000E2704 /* SwiftPackageProductDependency */ = {
			isa = XCSwiftPackageProductDependency;
			productName = JapxRxCodableAlamofire;
		};
		84390F682536DDB9000E2704 /* SwiftPackageProductDependency */ = {
			isa = XCSwiftPackageProductDependency;
			productName = JapxRxCodableMoya;
		};
		84390F6A2536DDBA000E2704 /* SwiftPackageProductDependency */ = {
			isa = XCSwiftPackageProductDependency;
			productName = JapxRxMoya;
		};
/* End XCSwiftPackageProductDependency section */
	};
	rootObject = 607FACC81AFB9204008FA782 /* Project object */;
}
