// !$*UTF8*$!
{
	archiveVersion = 1;
	classes = {
	};
	objectVersion = 46;
	objects = {

/* Begin PBXBuildFile section */
		0A634F2D26D92CC80026E01D /* SimpleEncoding-JsonApi.json in Resources */ = {isa = PBXBuildFile; fileRef = 0A634F0426D92CC80026E01D /* SimpleEncoding-JsonApi.json */; };
		0A634F2E26D92CC80026E01D /* SimpleEncoding-Json.json in Resources */ = {isa = PBXBuildFile; fileRef = 0A634F0526D92CC80026E01D /* SimpleEncoding-Json.json */; };
		0A634F2F26D92CC80026E01D /* ExtraParams-Json.json in Resources */ = {isa = PBXBuildFile; fileRef = 0A634F0726D92CC80026E01D /* ExtraParams-Json.json */; };
		0A634F3026D92CC80026E01D /* ExtraParams-JsonApi.json in Resources */ = {isa = PBXBuildFile; fileRef = 0A634F0826D92CC80026E01D /* ExtraParams-JsonApi.json */; };
		0A634F3126D92CC80026E01D /* RecursiveRelationships-Json.json in Resources */ = {isa = PBXBuildFile; fileRef = 0A634F0A26D92CC80026E01D /* RecursiveRelationships-Json.json */; };
		0A634F3226D92CC80026E01D /* RecursiveRelationships-JsonApi.json in Resources */ = {isa = PBXBuildFile; fileRef = 0A634F0B26D92CC80026E01D /* RecursiveRelationships-JsonApi.json */; };
		0A634F3326D92CC80026E01D /* Meta-Json.json in Resources */ = {isa = PBXBuildFile; fileRef = 0A634F0D26D92CC80026E01D /* Meta-Json.json */; };
		0A634F3426D92CC80026E01D /* Meta-Added-JsonApi.json in Resources */ = {isa = PBXBuildFile; fileRef = 0A634F0E26D92CC80026E01D /* Meta-Added-JsonApi.json */; };
		0A634F3526D92CC80026E01D /* Meta-NotAdded-JsonApi.json in Resources */ = {isa = PBXBuildFile; fileRef = 0A634F0F26D92CC80026E01D /* Meta-NotAdded-JsonApi.json */; };
		0A634F3626D92CC80026E01D /* RecursiveSample-Json.json in Resources */ = {isa = PBXBuildFile; fileRef = 0A634F1226D92CC80026E01D /* RecursiveSample-Json.json */; };
		0A634F3726D92CC80026E01D /* RecursiveSample-JsonApi.json in Resources */ = {isa = PBXBuildFile; fileRef = 0A634F1326D92CC80026E01D /* RecursiveSample-JsonApi.json */; };
		0A634F3826D92CC80026E01D /* RelationshipNoInclude-Json.json in Resources */ = {isa = PBXBuildFile; fileRef = 0A634F1526D92CC80026E01D /* RelationshipNoInclude-Json.json */; };
		0A634F3926D92CC80026E01D /* RelationshipNoInclude-JsonApi.json in Resources */ = {isa = PBXBuildFile; fileRef = 0A634F1626D92CC80026E01D /* RelationshipNoInclude-JsonApi.json */; };
		0A634F3A26D92CC80026E01D /* EmptyRelationshipDeep-Json.json in Resources */ = {isa = PBXBuildFile; fileRef = 0A634F1826D92CC80026E01D /* EmptyRelationshipDeep-Json.json */; };
		0A634F3B26D92CC80026E01D /* EmptyRelationship-Json.json in Resources */ = {isa = PBXBuildFile; fileRef = 0A634F1926D92CC80026E01D /* EmptyRelationship-Json.json */; };
		0A634F3C26D92CC80026E01D /* EmptyRelationship-JsonApi.json in Resources */ = {isa = PBXBuildFile; fileRef = 0A634F1A26D92CC80026E01D /* EmptyRelationship-JsonApi.json */; };
		0A634F3D26D92CC80026E01D /* ArticleExample-JsonApi.json in Resources */ = {isa = PBXBuildFile; fileRef = 0A634F1C26D92CC80026E01D /* ArticleExample-JsonApi.json */; };
		0A634F3E26D92CC80026E01D /* ArticleExample-Json.json in Resources */ = {isa = PBXBuildFile; fileRef = 0A634F1D26D92CC80026E01D /* ArticleExample-Json.json */; };
		0A634F3F26D92CC80026E01D /* MissingRelationshipObjectsEmpty-Json.json in Resources */ = {isa = PBXBuildFile; fileRef = 0A634F2026D92CC80026E01D /* MissingRelationshipObjectsEmpty-Json.json */; };
		0A634F4026D92CC80026E01D /* MissingRelationshipObjects-Json.json in Resources */ = {isa = PBXBuildFile; fileRef = 0A634F2126D92CC80026E01D /* MissingRelationshipObjects-Json.json */; };
		0A634F4126D92CC80026E01D /* MissingRelationshipObjects-JsonApi.json in Resources */ = {isa = PBXBuildFile; fileRef = 0A634F2226D92CC80026E01D /* MissingRelationshipObjects-JsonApi.json */; };
		0A634F4226D92CC80026E01D /* MissingRelationship-Json.json in Resources */ = {isa = PBXBuildFile; fileRef = 0A634F2426D92CC80026E01D /* MissingRelationship-Json.json */; };
		0A634F4326D92CC80026E01D /* MissingRelationship-JsonApi.json in Resources */ = {isa = PBXBuildFile; fileRef = 0A634F2526D92CC80026E01D /* MissingRelationship-JsonApi.json */; };
		0A634F4426D92CC80026E01D /* MissingRelationshipObject-JsonApi.json in Resources */ = {isa = PBXBuildFile; fileRef = 0A634F2726D92CC80026E01D /* MissingRelationshipObject-JsonApi.json */; };
		0A634F4526D92CC80026E01D /* MissingRelationshipObject-Json.json in Resources */ = {isa = PBXBuildFile; fileRef = 0A634F2826D92CC80026E01D /* MissingRelationshipObject-Json.json */; };
		0A634F4626D92CC80026E01D /* MissingRelationshipObjectNull-Json.json in Resources */ = {isa = PBXBuildFile; fileRef = 0A634F2926D92CC80026E01D /* MissingRelationshipObjectNull-Json.json */; };
		0A634F4726D92CC80026E01D /* ArticlePerson-Json.json in Resources */ = {isa = PBXBuildFile; fileRef = 0A634F2B26D92CC80026E01D /* ArticlePerson-Json.json */; };
		0A634F4826D92CC80026E01D /* ArticlePerson-JsonApi.json in Resources */ = {isa = PBXBuildFile; fileRef = 0A634F2C26D92CC80026E01D /* ArticlePerson-JsonApi.json */; };
		0AE6C0E326DCF60100116DE5 /* ResultViewController.swift in Sources */ = {isa = PBXBuildFile; fileRef = 0AE6C0D726DCF60100116DE5 /* ResultViewController.swift */; };
		0AE6C0E426DCF60100116DE5 /* DecoderViewController.swift in Sources */ = {isa = PBXBuildFile; fileRef = 0AE6C0D826DCF60100116DE5 /* DecoderViewController.swift */; };
		0AE6C0E526DCF60100116DE5 /* EncoderViewController.swift in Sources */ = {isa = PBXBuildFile; fileRef = 0AE6C0D926DCF60100116DE5 /* EncoderViewController.swift */; };
		0AE6C0E626DCF60100116DE5 /* LaunchScreen.xib in Resources */ = {isa = PBXBuildFile; fileRef = 0AE6C0DA26DCF60100116DE5 /* LaunchScreen.xib */; };
		0AE6C0E726DCF60100116DE5 /* Main.storyboard in Resources */ = {isa = PBXBuildFile; fileRef = 0AE6C0DC26DCF60100116DE5 /* Main.storyboard */; };
		0AE6C0E826DCF60100116DE5 /* PrettyPrint.swift in Sources */ = {isa = PBXBuildFile; fileRef = 0AE6C0DE26DCF60100116DE5 /* PrettyPrint.swift */; };
		0AE6C0E926DCF60100116DE5 /* ResultableProtocol.swift in Sources */ = {isa = PBXBuildFile; fileRef = 0AE6C0DF26DCF60100116DE5 /* ResultableProtocol.swift */; };
		0AE6C0EA26DCF60100116DE5 /* Images.xcassets in Resources */ = {isa = PBXBuildFile; fileRef = 0AE6C0E026DCF60100116DE5 /* Images.xcassets */; };
		0AE6C0EB26DCF60100116DE5 /* AppDelegate.swift in Sources */ = {isa = PBXBuildFile; fileRef = 0AE6C0E126DCF60100116DE5 /* AppDelegate.swift */; };
		0AE6C0F626DCF62500116DE5 /* Japx.h in Headers */ = {isa = PBXBuildFile; fileRef = 0AE6C0F426DCF62500116DE5 /* Japx.h */; settings = {ATTRIBUTES = (Public, ); }; };
		0AE6C0FA26DCF62F00116DE5 /* JapxCore.swift in Sources */ = {isa = PBXBuildFile; fileRef = 0A557CE626DCD2860016B4F7 /* JapxCore.swift */; };
		0AE6C0FB26DCF62F00116DE5 /* JapxCodable.swift in Sources */ = {isa = PBXBuildFile; fileRef = 0A557CE726DCD2860016B4F7 /* JapxCodable.swift */; };
		0AE6C0FD26DCF66A00116DE5 /* Japx.framework in Frameworks */ = {isa = PBXBuildFile; fileRef = 0AE6C0F226DCF62500116DE5 /* Japx.framework */; };
		0AE6C0FE26DCF66A00116DE5 /* Japx.framework in Embed Frameworks */ = {isa = PBXBuildFile; fileRef = 0AE6C0F226DCF62500116DE5 /* Japx.framework */; settings = {ATTRIBUTES = (CodeSignOnCopy, RemoveHeadersOnCopy, ); }; };
		0AE6C10426DCF6A400116DE5 /* JapxAlamofire.swift in Sources */ = {isa = PBXBuildFile; fileRef = 0A557CE326DCD2860016B4F7 /* JapxAlamofire.swift */; };
		0AE6C10526DCF6A400116DE5 /* JapxCodableAlamofire.swift in Sources */ = {isa = PBXBuildFile; fileRef = 0A557CE426DCD2860016B4F7 /* JapxCodableAlamofire.swift */; };
		0AE6C10C26DCF70C00116DE5 /* NSError+Japx.swift in Sources */ = {isa = PBXBuildFile; fileRef = 0A557CED26DCD2860016B4F7 /* NSError+Japx.swift */; };
		0AE6C10D26DCF70C00116DE5 /* JapxRxMoya.swift in Sources */ = {isa = PBXBuildFile; fileRef = 0A557CE926DCD2860016B4F7 /* JapxRxMoya.swift */; };
		0AE6C10E26DCF70C00116DE5 /* JapxRxCodableMoya.swift in Sources */ = {isa = PBXBuildFile; fileRef = 0A557CEA26DCD2860016B4F7 /* JapxRxCodableMoya.swift */; };
		0AE6C10F26DCF70C00116DE5 /* JapxMoya.swift in Sources */ = {isa = PBXBuildFile; fileRef = 0A557CDE26DCD2860016B4F7 /* JapxMoya.swift */; };
		0AE6C11026DCF70C00116DE5 /* JapxObjC.swift in Sources */ = {isa = PBXBuildFile; fileRef = 0A557CEC26DCD2860016B4F7 /* JapxObjC.swift */; };
		0AE6C11126DCF70C00116DE5 /* JapxCodableMoya.swift in Sources */ = {isa = PBXBuildFile; fileRef = 0A557CDD26DCD2860016B4F7 /* JapxCodableMoya.swift */; };
		0AE6C11226DCF70C00116DE5 /* JapxRxCodableAlamofire.swift in Sources */ = {isa = PBXBuildFile; fileRef = 0A557CE026DCD2860016B4F7 /* JapxRxCodableAlamofire.swift */; };
		0AE6C11326DCF70C00116DE5 /* JapxRxAlamofire.swift in Sources */ = {isa = PBXBuildFile; fileRef = 0A557CE126DCD2860016B4F7 /* JapxRxAlamofire.swift */; };
		4F9A385D220099BC0063BEB3 /* DecoderTester.m in Sources */ = {isa = PBXBuildFile; fileRef = 4F9A385C220099BC0063BEB3 /* DecoderTester.m */; };
		4F9A385F220099C80063BEB3 /* EncoderTester.m in Sources */ = {isa = PBXBuildFile; fileRef = 4F9A385E220099C80063BEB3 /* EncoderTester.m */; };
		E18794E520189E8B00E472C4 /* DecoderTester.swift in Sources */ = {isa = PBXBuildFile; fileRef = E18794E120189D8000E472C4 /* DecoderTester.swift */; };
		E18794E620189E8B00E472C4 /* EncoderTester.swift in Sources */ = {isa = PBXBuildFile; fileRef = E18794E320189D8E00E472C4 /* EncoderTester.swift */; };
		E18794F52018AC2200E472C4 /* AdditionalFunctions.swift in Sources */ = {isa = PBXBuildFile; fileRef = E18794E720189EE500E472C4 /* AdditionalFunctions.swift */; };
/* End PBXBuildFile section */

/* Begin PBXContainerItemProxy section */
		0AE6C0FF26DCF66A00116DE5 /* PBXContainerItemProxy */ = {
			isa = PBXContainerItemProxy;
			containerPortal = 607FACC81AFB9204008FA782 /* Project object */;
			proxyType = 1;
			remoteGlobalIDString = 0AE6C0F126DCF62500116DE5;
			remoteInfo = Japx;
		};
		607FACE61AFB9204008FA782 /* PBXContainerItemProxy */ = {
			isa = PBXContainerItemProxy;
			containerPortal = 607FACC81AFB9204008FA782 /* Project object */;
			proxyType = 1;
			remoteGlobalIDString = 607FACCF1AFB9204008FA782;
			remoteInfo = Japx;
		};
/* End PBXContainerItemProxy section */

/* Begin PBXCopyFilesBuildPhase section */
		0AE6C10126DCF66A00116DE5 /* Embed Frameworks */ = {
			isa = PBXCopyFilesBuildPhase;
			buildActionMask = 2147483647;
			dstPath = "";
			dstSubfolderSpec = 10;
			files = (
				0AE6C0FE26DCF66A00116DE5 /* Japx.framework in Embed Frameworks */,
			);
			name = "Embed Frameworks";
			runOnlyForDeploymentPostprocessing = 0;
		};
/* End PBXCopyFilesBuildPhase section */

/* Begin PBXFileReference section */
		0A0A79F226D92AA400478C22 /* README.md */ = {isa = PBXFileReference; lastKnownFileType = net.daringfireball.markdown; path = README.md; sourceTree = "<group>"; };
		0A0A79F326D92AB300478C22 /* LICENSE */ = {isa = PBXFileReference; lastKnownFileType = text; path = LICENSE; sourceTree = "<group>"; };
		0A557CDD26DCD2860016B4F7 /* JapxCodableMoya.swift */ = {isa = PBXFileReference; lastKnownFileType = sourcecode.swift; path = JapxCodableMoya.swift; sourceTree = "<group>"; };
		0A557CDE26DCD2860016B4F7 /* JapxMoya.swift */ = {isa = PBXFileReference; lastKnownFileType = sourcecode.swift; path = JapxMoya.swift; sourceTree = "<group>"; };
		0A557CE026DCD2860016B4F7 /* JapxRxCodableAlamofire.swift */ = {isa = PBXFileReference; lastKnownFileType = sourcecode.swift; path = JapxRxCodableAlamofire.swift; sourceTree = "<group>"; };
		0A557CE126DCD2860016B4F7 /* JapxRxAlamofire.swift */ = {isa = PBXFileReference; lastKnownFileType = sourcecode.swift; path = JapxRxAlamofire.swift; sourceTree = "<group>"; };
		0A557CE326DCD2860016B4F7 /* JapxAlamofire.swift */ = {isa = PBXFileReference; lastKnownFileType = sourcecode.swift; path = JapxAlamofire.swift; sourceTree = "<group>"; };
		0A557CE426DCD2860016B4F7 /* JapxCodableAlamofire.swift */ = {isa = PBXFileReference; lastKnownFileType = sourcecode.swift; path = JapxCodableAlamofire.swift; sourceTree = "<group>"; };
		0A557CE626DCD2860016B4F7 /* JapxCore.swift */ = {isa = PBXFileReference; lastKnownFileType = sourcecode.swift; path = JapxCore.swift; sourceTree = "<group>"; };
		0A557CE726DCD2860016B4F7 /* JapxCodable.swift */ = {isa = PBXFileReference; lastKnownFileType = sourcecode.swift; path = JapxCodable.swift; sourceTree = "<group>"; };
		0A557CE926DCD2860016B4F7 /* JapxRxMoya.swift */ = {isa = PBXFileReference; lastKnownFileType = sourcecode.swift; path = JapxRxMoya.swift; sourceTree = "<group>"; };
		0A557CEA26DCD2860016B4F7 /* JapxRxCodableMoya.swift */ = {isa = PBXFileReference; lastKnownFileType = sourcecode.swift; path = JapxRxCodableMoya.swift; sourceTree = "<group>"; };
		0A557CEC26DCD2860016B4F7 /* JapxObjC.swift */ = {isa = PBXFileReference; lastKnownFileType = sourcecode.swift; path = JapxObjC.swift; sourceTree = "<group>"; };
		0A557CED26DCD2860016B4F7 /* NSError+Japx.swift */ = {isa = PBXFileReference; lastKnownFileType = sourcecode.swift; path = "NSError+Japx.swift"; sourceTree = "<group>"; };
		0A557CEE26DCD2860016B4F7 /* Japx.h */ = {isa = PBXFileReference; lastKnownFileType = sourcecode.c.h; path = Japx.h; sourceTree = "<group>"; };
		0A557CEF26DCD2860016B4F7 /* Info.plist */ = {isa = PBXFileReference; lastKnownFileType = text.plist.xml; path = Info.plist; sourceTree = "<group>"; };
		0A634F0426D92CC80026E01D /* SimpleEncoding-JsonApi.json */ = {isa = PBXFileReference; fileEncoding = 4; lastKnownFileType = text.json; path = "SimpleEncoding-JsonApi.json"; sourceTree = "<group>"; };
		0A634F0526D92CC80026E01D /* SimpleEncoding-Json.json */ = {isa = PBXFileReference; fileEncoding = 4; lastKnownFileType = text.json; path = "SimpleEncoding-Json.json"; sourceTree = "<group>"; };
		0A634F0726D92CC80026E01D /* ExtraParams-Json.json */ = {isa = PBXFileReference; fileEncoding = 4; lastKnownFileType = text.json; path = "ExtraParams-Json.json"; sourceTree = "<group>"; };
		0A634F0826D92CC80026E01D /* ExtraParams-JsonApi.json */ = {isa = PBXFileReference; fileEncoding = 4; lastKnownFileType = text.json; path = "ExtraParams-JsonApi.json"; sourceTree = "<group>"; };
		0A634F0A26D92CC80026E01D /* RecursiveRelationships-Json.json */ = {isa = PBXFileReference; fileEncoding = 4; lastKnownFileType = text.json; path = "RecursiveRelationships-Json.json"; sourceTree = "<group>"; };
		0A634F0B26D92CC80026E01D /* RecursiveRelationships-JsonApi.json */ = {isa = PBXFileReference; fileEncoding = 4; lastKnownFileType = text.json; path = "RecursiveRelationships-JsonApi.json"; sourceTree = "<group>"; };
		0A634F0D26D92CC80026E01D /* Meta-Json.json */ = {isa = PBXFileReference; fileEncoding = 4; lastKnownFileType = text.json; path = "Meta-Json.json"; sourceTree = "<group>"; };
		0A634F0E26D92CC80026E01D /* Meta-Added-JsonApi.json */ = {isa = PBXFileReference; fileEncoding = 4; lastKnownFileType = text.json; path = "Meta-Added-JsonApi.json"; sourceTree = "<group>"; };
		0A634F0F26D92CC80026E01D /* Meta-NotAdded-JsonApi.json */ = {isa = PBXFileReference; fileEncoding = 4; lastKnownFileType = text.json; path = "Meta-NotAdded-JsonApi.json"; sourceTree = "<group>"; };
		0A634F1226D92CC80026E01D /* RecursiveSample-Json.json */ = {isa = PBXFileReference; fileEncoding = 4; lastKnownFileType = text.json; path = "RecursiveSample-Json.json"; sourceTree = "<group>"; };
		0A634F1326D92CC80026E01D /* RecursiveSample-JsonApi.json */ = {isa = PBXFileReference; fileEncoding = 4; lastKnownFileType = text.json; path = "RecursiveSample-JsonApi.json"; sourceTree = "<group>"; };
		0A634F1526D92CC80026E01D /* RelationshipNoInclude-Json.json */ = {isa = PBXFileReference; fileEncoding = 4; lastKnownFileType = text.json; path = "RelationshipNoInclude-Json.json"; sourceTree = "<group>"; };
		0A634F1626D92CC80026E01D /* RelationshipNoInclude-JsonApi.json */ = {isa = PBXFileReference; fileEncoding = 4; lastKnownFileType = text.json; path = "RelationshipNoInclude-JsonApi.json"; sourceTree = "<group>"; };
		0A634F1826D92CC80026E01D /* EmptyRelationshipDeep-Json.json */ = {isa = PBXFileReference; fileEncoding = 4; lastKnownFileType = text.json; path = "EmptyRelationshipDeep-Json.json"; sourceTree = "<group>"; };
		0A634F1926D92CC80026E01D /* EmptyRelationship-Json.json */ = {isa = PBXFileReference; fileEncoding = 4; lastKnownFileType = text.json; path = "EmptyRelationship-Json.json"; sourceTree = "<group>"; };
		0A634F1A26D92CC80026E01D /* EmptyRelationship-JsonApi.json */ = {isa = PBXFileReference; fileEncoding = 4; lastKnownFileType = text.json; path = "EmptyRelationship-JsonApi.json"; sourceTree = "<group>"; };
		0A634F1C26D92CC80026E01D /* ArticleExample-JsonApi.json */ = {isa = PBXFileReference; fileEncoding = 4; lastKnownFileType = text.json; path = "ArticleExample-JsonApi.json"; sourceTree = "<group>"; };
		0A634F1D26D92CC80026E01D /* ArticleExample-Json.json */ = {isa = PBXFileReference; fileEncoding = 4; lastKnownFileType = text.json; path = "ArticleExample-Json.json"; sourceTree = "<group>"; };
		0A634F2026D92CC80026E01D /* MissingRelationshipObjectsEmpty-Json.json */ = {isa = PBXFileReference; fileEncoding = 4; lastKnownFileType = text.json; path = "MissingRelationshipObjectsEmpty-Json.json"; sourceTree = "<group>"; };
		0A634F2126D92CC80026E01D /* MissingRelationshipObjects-Json.json */ = {isa = PBXFileReference; fileEncoding = 4; lastKnownFileType = text.json; path = "MissingRelationshipObjects-Json.json"; sourceTree = "<group>"; };
		0A634F2226D92CC80026E01D /* MissingRelationshipObjects-JsonApi.json */ = {isa = PBXFileReference; fileEncoding = 4; lastKnownFileType = text.json; path = "MissingRelationshipObjects-JsonApi.json"; sourceTree = "<group>"; };
		0A634F2426D92CC80026E01D /* MissingRelationship-Json.json */ = {isa = PBXFileReference; fileEncoding = 4; lastKnownFileType = text.json; path = "MissingRelationship-Json.json"; sourceTree = "<group>"; };
		0A634F2526D92CC80026E01D /* MissingRelationship-JsonApi.json */ = {isa = PBXFileReference; fileEncoding = 4; lastKnownFileType = text.json; path = "MissingRelationship-JsonApi.json"; sourceTree = "<group>"; };
		0A634F2726D92CC80026E01D /* MissingRelationshipObject-JsonApi.json */ = {isa = PBXFileReference; fileEncoding = 4; lastKnownFileType = text.json; path = "MissingRelationshipObject-JsonApi.json"; sourceTree = "<group>"; };
		0A634F2826D92CC80026E01D /* MissingRelationshipObject-Json.json */ = {isa = PBXFileReference; fileEncoding = 4; lastKnownFileType = text.json; path = "MissingRelationshipObject-Json.json"; sourceTree = "<group>"; };
		0A634F2926D92CC80026E01D /* MissingRelationshipObjectNull-Json.json */ = {isa = PBXFileReference; fileEncoding = 4; lastKnownFileType = text.json; path = "MissingRelationshipObjectNull-Json.json"; sourceTree = "<group>"; };
		0A634F2B26D92CC80026E01D /* ArticlePerson-Json.json */ = {isa = PBXFileReference; fileEncoding = 4; lastKnownFileType = text.json; path = "ArticlePerson-Json.json"; sourceTree = "<group>"; };
		0A634F2C26D92CC80026E01D /* ArticlePerson-JsonApi.json */ = {isa = PBXFileReference; fileEncoding = 4; lastKnownFileType = text.json; path = "ArticlePerson-JsonApi.json"; sourceTree = "<group>"; };
		0A634F6F26D92FA20026E01D /* Japx.h */ = {isa = PBXFileReference; lastKnownFileType = sourcecode.c.h; path = Japx.h; sourceTree = "<group>"; };
		0A634F7026D92FA20026E01D /* Info.plist */ = {isa = PBXFileReference; lastKnownFileType = text.plist.xml; path = Info.plist; sourceTree = "<group>"; };
		0AE6C0D526DCF5DB00116DE5 /* Package.swift */ = {isa = PBXFileReference; lastKnownFileType = sourcecode.swift; path = Package.swift; sourceTree = "<group>"; };
		0AE6C0D726DCF60100116DE5 /* ResultViewController.swift */ = {isa = PBXFileReference; fileEncoding = 4; lastKnownFileType = sourcecode.swift; path = ResultViewController.swift; sourceTree = "<group>"; };
		0AE6C0D826DCF60100116DE5 /* DecoderViewController.swift */ = {isa = PBXFileReference; fileEncoding = 4; lastKnownFileType = sourcecode.swift; path = DecoderViewController.swift; sourceTree = "<group>"; };
		0AE6C0D926DCF60100116DE5 /* EncoderViewController.swift */ = {isa = PBXFileReference; fileEncoding = 4; lastKnownFileType = sourcecode.swift; path = EncoderViewController.swift; sourceTree = "<group>"; };
		0AE6C0DB26DCF60100116DE5 /* Base */ = {isa = PBXFileReference; lastKnownFileType = file.xib; name = Base; path = Base.lproj/LaunchScreen.xib; sourceTree = "<group>"; };
		0AE6C0DD26DCF60100116DE5 /* Base */ = {isa = PBXFileReference; lastKnownFileType = file.storyboard; name = Base; path = Base.lproj/Main.storyboard; sourceTree = "<group>"; };
		0AE6C0DE26DCF60100116DE5 /* PrettyPrint.swift */ = {isa = PBXFileReference; fileEncoding = 4; lastKnownFileType = sourcecode.swift; path = PrettyPrint.swift; sourceTree = "<group>"; };
		0AE6C0DF26DCF60100116DE5 /* ResultableProtocol.swift */ = {isa = PBXFileReference; fileEncoding = 4; lastKnownFileType = sourcecode.swift; path = ResultableProtocol.swift; sourceTree = "<group>"; };
		0AE6C0E026DCF60100116DE5 /* Images.xcassets */ = {isa = PBXFileReference; lastKnownFileType = folder.assetcatalog; path = Images.xcassets; sourceTree = "<group>"; };
		0AE6C0E126DCF60100116DE5 /* AppDelegate.swift */ = {isa = PBXFileReference; fileEncoding = 4; lastKnownFileType = sourcecode.swift; path = AppDelegate.swift; sourceTree = "<group>"; };
		0AE6C0E226DCF60100116DE5 /* Info.plist */ = {isa = PBXFileReference; fileEncoding = 4; lastKnownFileType = text.plist.xml; path = Info.plist; sourceTree = "<group>"; };
		0AE6C0F226DCF62500116DE5 /* Japx.framework */ = {isa = PBXFileReference; explicitFileType = wrapper.framework; includeInIndex = 0; path = Japx.framework; sourceTree = BUILT_PRODUCTS_DIR; };
		0AE6C0F426DCF62500116DE5 /* Japx.h */ = {isa = PBXFileReference; lastKnownFileType = sourcecode.c.h; path = Japx.h; sourceTree = "<group>"; };
		0AE6C0F526DCF62500116DE5 /* Info.plist */ = {isa = PBXFileReference; lastKnownFileType = text.plist.xml; path = Info.plist; sourceTree = "<group>"; };
		4F9A385C220099BC0063BEB3 /* DecoderTester.m */ = {isa = PBXFileReference; lastKnownFileType = sourcecode.c.objc; path = DecoderTester.m; sourceTree = "<group>"; };
		4F9A385E220099C80063BEB3 /* EncoderTester.m */ = {isa = PBXFileReference; lastKnownFileType = sourcecode.c.objc; path = EncoderTester.m; sourceTree = "<group>"; };
		607FACD01AFB9204008FA782 /* Japx_Example.app */ = {isa = PBXFileReference; explicitFileType = wrapper.application; includeInIndex = 0; path = Japx_Example.app; sourceTree = BUILT_PRODUCTS_DIR; };
		607FACE51AFB9204008FA782 /* Japx_Tests.xctest */ = {isa = PBXFileReference; explicitFileType = wrapper.cfbundle; includeInIndex = 0; path = Japx_Tests.xctest; sourceTree = BUILT_PRODUCTS_DIR; };
		607FACEA1AFB9204008FA782 /* Info.plist */ = {isa = PBXFileReference; lastKnownFileType = text.plist.xml; path = Info.plist; sourceTree = "<group>"; };
		94FB768D577F6B9FCD0512AB /* Japx.podspec */ = {isa = PBXFileReference; includeInIndex = 1; lastKnownFileType = text; path = Japx.podspec; sourceTree = "<group>"; xcLanguageSpecificationIdentifier = xcode.lang.ruby; };
		E18794E120189D8000E472C4 /* DecoderTester.swift */ = {isa = PBXFileReference; lastKnownFileType = sourcecode.swift; path = DecoderTester.swift; sourceTree = "<group>"; };
		E18794E320189D8E00E472C4 /* EncoderTester.swift */ = {isa = PBXFileReference; lastKnownFileType = sourcecode.swift; path = EncoderTester.swift; sourceTree = "<group>"; };
		E18794E720189EE500E472C4 /* AdditionalFunctions.swift */ = {isa = PBXFileReference; lastKnownFileType = sourcecode.swift; path = AdditionalFunctions.swift; sourceTree = "<group>"; };
/* End PBXFileReference section */

/* Begin PBXFrameworksBuildPhase section */
		0AE6C0EF26DCF62500116DE5 /* Frameworks */ = {
			isa = PBXFrameworksBuildPhase;
			buildActionMask = 2147483647;
			files = (
			);
			runOnlyForDeploymentPostprocessing = 0;
		};
		607FACCD1AFB9204008FA782 /* Frameworks */ = {
			isa = PBXFrameworksBuildPhase;
			buildActionMask = 2147483647;
			files = (
				0AE6C0FD26DCF66A00116DE5 /* Japx.framework in Frameworks */,
			);
			runOnlyForDeploymentPostprocessing = 0;
		};
		607FACE21AFB9204008FA782 /* Frameworks */ = {
			isa = PBXFrameworksBuildPhase;
			buildActionMask = 2147483647;
			files = (
			);
			runOnlyForDeploymentPostprocessing = 0;
		};
/* End PBXFrameworksBuildPhase section */

/* Begin PBXGroup section */
		0A557CDA26DCD2860016B4F7 /* Japx */ = {
			isa = PBXGroup;
			children = (
				0A557CDB26DCD2860016B4F7 /* Classes */,
				0A557CEE26DCD2860016B4F7 /* Japx.h */,
				0A557CEF26DCD2860016B4F7 /* Info.plist */,
			);
			path = Japx;
			sourceTree = "<group>";
		};
		0A557CDB26DCD2860016B4F7 /* Classes */ = {
			isa = PBXGroup;
			children = (
				0A557CDC26DCD2860016B4F7 /* Moya */,
				0A557CDF26DCD2860016B4F7 /* RxAlamofire */,
				0A557CE226DCD2860016B4F7 /* Alamofire */,
				0A557CE526DCD2860016B4F7 /* Core */,
				0A557CE826DCD2860016B4F7 /* RxMoya */,
				0A557CEB26DCD2860016B4F7 /* ObjC */,
			);
			path = Classes;
			sourceTree = "<group>";
		};
		0A557CDC26DCD2860016B4F7 /* Moya */ = {
			isa = PBXGroup;
			children = (
				0A557CDD26DCD2860016B4F7 /* JapxCodableMoya.swift */,
				0A557CDE26DCD2860016B4F7 /* JapxMoya.swift */,
			);
			path = Moya;
			sourceTree = "<group>";
		};
		0A557CDF26DCD2860016B4F7 /* RxAlamofire */ = {
			isa = PBXGroup;
			children = (
				0A557CE026DCD2860016B4F7 /* JapxRxCodableAlamofire.swift */,
				0A557CE126DCD2860016B4F7 /* JapxRxAlamofire.swift */,
			);
			path = RxAlamofire;
			sourceTree = "<group>";
		};
		0A557CE226DCD2860016B4F7 /* Alamofire */ = {
			isa = PBXGroup;
			children = (
				0A557CE326DCD2860016B4F7 /* JapxAlamofire.swift */,
				0A557CE426DCD2860016B4F7 /* JapxCodableAlamofire.swift */,
			);
			path = Alamofire;
			sourceTree = "<group>";
		};
		0A557CE526DCD2860016B4F7 /* Core */ = {
			isa = PBXGroup;
			children = (
				0A557CE626DCD2860016B4F7 /* JapxCore.swift */,
				0A557CE726DCD2860016B4F7 /* JapxCodable.swift */,
			);
			path = Core;
			sourceTree = "<group>";
		};
		0A557CE826DCD2860016B4F7 /* RxMoya */ = {
			isa = PBXGroup;
			children = (
				0A557CE926DCD2860016B4F7 /* JapxRxMoya.swift */,
				0A557CEA26DCD2860016B4F7 /* JapxRxCodableMoya.swift */,
			);
			path = RxMoya;
			sourceTree = "<group>";
		};
		0A557CEB26DCD2860016B4F7 /* ObjC */ = {
			isa = PBXGroup;
			children = (
				0A557CEC26DCD2860016B4F7 /* JapxObjC.swift */,
				0A557CED26DCD2860016B4F7 /* NSError+Japx.swift */,
			);
			path = ObjC;
			sourceTree = "<group>";
		};
		0A634F0126D92CC80026E01D /* Resources */ = {
			isa = PBXGroup;
			children = (
				0A634F0226D92CC80026E01D /* Encoding */,
				0A634F1026D92CC80026E01D /* Decoding */,
			);
			path = Resources;
			sourceTree = "<group>";
		};
		0A634F0226D92CC80026E01D /* Encoding */ = {
			isa = PBXGroup;
			children = (
				0A634F0326D92CC80026E01D /* SimpleEncoding */,
				0A634F0626D92CC80026E01D /* ExtraParams */,
				0A634F0926D92CC80026E01D /* RecursiveRelationships */,
				0A634F0C26D92CC80026E01D /* MetaParams */,
			);
			path = Encoding;
			sourceTree = "<group>";
		};
		0A634F0326D92CC80026E01D /* SimpleEncoding */ = {
			isa = PBXGroup;
			children = (
				0A634F0426D92CC80026E01D /* SimpleEncoding-JsonApi.json */,
				0A634F0526D92CC80026E01D /* SimpleEncoding-Json.json */,
			);
			path = SimpleEncoding;
			sourceTree = "<group>";
		};
		0A634F0626D92CC80026E01D /* ExtraParams */ = {
			isa = PBXGroup;
			children = (
				0A634F0726D92CC80026E01D /* ExtraParams-Json.json */,
				0A634F0826D92CC80026E01D /* ExtraParams-JsonApi.json */,
			);
			path = ExtraParams;
			sourceTree = "<group>";
		};
		0A634F0926D92CC80026E01D /* RecursiveRelationships */ = {
			isa = PBXGroup;
			children = (
				0A634F0A26D92CC80026E01D /* RecursiveRelationships-Json.json */,
				0A634F0B26D92CC80026E01D /* RecursiveRelationships-JsonApi.json */,
			);
			path = RecursiveRelationships;
			sourceTree = "<group>";
		};
		0A634F0C26D92CC80026E01D /* MetaParams */ = {
			isa = PBXGroup;
			children = (
				0A634F0D26D92CC80026E01D /* Meta-Json.json */,
				0A634F0E26D92CC80026E01D /* Meta-Added-JsonApi.json */,
				0A634F0F26D92CC80026E01D /* Meta-NotAdded-JsonApi.json */,
			);
			path = MetaParams;
			sourceTree = "<group>";
		};
		0A634F1026D92CC80026E01D /* Decoding */ = {
			isa = PBXGroup;
			children = (
				0A634F1126D92CC80026E01D /* RecursiveSample */,
				0A634F1426D92CC80026E01D /* RelationshipNoInclude */,
				0A634F1726D92CC80026E01D /* EmptyRelationship */,
				0A634F1B26D92CC80026E01D /* ArticleExample */,
				0A634F1E26D92CC80026E01D /* MissingRelationship */,
				0A634F2A26D92CC80026E01D /* ArticlePerson */,
			);
			path = Decoding;
			sourceTree = "<group>";
		};
		0A634F1126D92CC80026E01D /* RecursiveSample */ = {
			isa = PBXGroup;
			children = (
				0A634F1226D92CC80026E01D /* RecursiveSample-Json.json */,
				0A634F1326D92CC80026E01D /* RecursiveSample-JsonApi.json */,
			);
			path = RecursiveSample;
			sourceTree = "<group>";
		};
		0A634F1426D92CC80026E01D /* RelationshipNoInclude */ = {
			isa = PBXGroup;
			children = (
				0A634F1526D92CC80026E01D /* RelationshipNoInclude-Json.json */,
				0A634F1626D92CC80026E01D /* RelationshipNoInclude-JsonApi.json */,
			);
			path = RelationshipNoInclude;
			sourceTree = "<group>";
		};
		0A634F1726D92CC80026E01D /* EmptyRelationship */ = {
			isa = PBXGroup;
			children = (
				0A634F1826D92CC80026E01D /* EmptyRelationshipDeep-Json.json */,
				0A634F1926D92CC80026E01D /* EmptyRelationship-Json.json */,
				0A634F1A26D92CC80026E01D /* EmptyRelationship-JsonApi.json */,
			);
			path = EmptyRelationship;
			sourceTree = "<group>";
		};
		0A634F1B26D92CC80026E01D /* ArticleExample */ = {
			isa = PBXGroup;
			children = (
				0A634F1C26D92CC80026E01D /* ArticleExample-JsonApi.json */,
				0A634F1D26D92CC80026E01D /* ArticleExample-Json.json */,
			);
			path = ArticleExample;
			sourceTree = "<group>";
		};
		0A634F1E26D92CC80026E01D /* MissingRelationship */ = {
			isa = PBXGroup;
			children = (
				0A634F1F26D92CC80026E01D /* Array */,
				0A634F2326D92CC80026E01D /* Include */,
				0A634F2626D92CC80026E01D /* Object */,
			);
			path = MissingRelationship;
			sourceTree = "<group>";
		};
		0A634F1F26D92CC80026E01D /* Array */ = {
			isa = PBXGroup;
			children = (
				0A634F2026D92CC80026E01D /* MissingRelationshipObjectsEmpty-Json.json */,
				0A634F2126D92CC80026E01D /* MissingRelationshipObjects-Json.json */,
				0A634F2226D92CC80026E01D /* MissingRelationshipObjects-JsonApi.json */,
			);
			path = Array;
			sourceTree = "<group>";
		};
		0A634F2326D92CC80026E01D /* Include */ = {
			isa = PBXGroup;
			children = (
				0A634F2426D92CC80026E01D /* MissingRelationship-Json.json */,
				0A634F2526D92CC80026E01D /* MissingRelationship-JsonApi.json */,
			);
			path = Include;
			sourceTree = "<group>";
		};
		0A634F2626D92CC80026E01D /* Object */ = {
			isa = PBXGroup;
			children = (
				0A634F2726D92CC80026E01D /* MissingRelationshipObject-JsonApi.json */,
				0A634F2826D92CC80026E01D /* MissingRelationshipObject-Json.json */,
				0A634F2926D92CC80026E01D /* MissingRelationshipObjectNull-Json.json */,
			);
			path = Object;
			sourceTree = "<group>";
		};
		0A634F2A26D92CC80026E01D /* ArticlePerson */ = {
			isa = PBXGroup;
			children = (
				0A634F2B26D92CC80026E01D /* ArticlePerson-Json.json */,
				0A634F2C26D92CC80026E01D /* ArticlePerson-JsonApi.json */,
			);
			path = ArticlePerson;
			sourceTree = "<group>";
		};
		0A634F6E26D92FA20026E01D /* Japx */ = {
			isa = PBXGroup;
			children = (
				0A634F6F26D92FA20026E01D /* Japx.h */,
				0A634F7026D92FA20026E01D /* Info.plist */,
			);
			path = Japx;
			sourceTree = "<group>";
		};
		0AE6C0D626DCF60100116DE5 /* Example */ = {
			isa = PBXGroup;
			children = (
				0AE6C0D726DCF60100116DE5 /* ResultViewController.swift */,
				0AE6C0D826DCF60100116DE5 /* DecoderViewController.swift */,
				0AE6C0D926DCF60100116DE5 /* EncoderViewController.swift */,
				0AE6C0DA26DCF60100116DE5 /* LaunchScreen.xib */,
				0AE6C0DC26DCF60100116DE5 /* Main.storyboard */,
				0AE6C0DE26DCF60100116DE5 /* PrettyPrint.swift */,
				0AE6C0DF26DCF60100116DE5 /* ResultableProtocol.swift */,
				0AE6C0E026DCF60100116DE5 /* Images.xcassets */,
				0AE6C0E126DCF60100116DE5 /* AppDelegate.swift */,
				0AE6C0E226DCF60100116DE5 /* Info.plist */,
			);
			path = Example;
			sourceTree = "<group>";
		};
		0AE6C0F326DCF62500116DE5 /* Japx */ = {
			isa = PBXGroup;
			children = (
				0AE6C0F426DCF62500116DE5 /* Japx.h */,
				0AE6C0F526DCF62500116DE5 /* Info.plist */,
			);
			path = Japx;
			sourceTree = "<group>";
		};
		0AE6C0FC26DCF66A00116DE5 /* Frameworks */ = {
			isa = PBXGroup;
			children = (
			);
			name = Frameworks;
			sourceTree = "<group>";
		};
		4F9A3856220095B50063BEB3 /* Objc */ = {
			isa = PBXGroup;
			children = (
				4F9A385C220099BC0063BEB3 /* DecoderTester.m */,
				4F9A385E220099C80063BEB3 /* EncoderTester.m */,
			);
			path = Objc;
			sourceTree = "<group>";
		};
		4F9A3857220095C30063BEB3 /* Swift */ = {
			isa = PBXGroup;
			children = (
				E18794E120189D8000E472C4 /* DecoderTester.swift */,
				E18794E320189D8E00E472C4 /* EncoderTester.swift */,
			);
			path = Swift;
			sourceTree = "<group>";
		};
		4F9A385B220099A00063BEB3 /* Utilities */ = {
			isa = PBXGroup;
			children = (
				E18794E720189EE500E472C4 /* AdditionalFunctions.swift */,
			);
			path = Utilities;
			sourceTree = "<group>";
		};
		607FACC71AFB9204008FA782 = {
			isa = PBXGroup;
			children = (
				0A0A79F226D92AA400478C22 /* README.md */,
				0A0A79F326D92AB300478C22 /* LICENSE */,
				0A557CDA26DCD2860016B4F7 /* Japx */,
				0AE6C0D626DCF60100116DE5 /* Example */,
				607FACF51AFB993E008FA782 /* Dependency Managers */,
				607FACE81AFB9204008FA782 /* Tests */,
				0A634F6E26D92FA20026E01D /* Japx */,
				0AE6C0F326DCF62500116DE5 /* Japx */,
				607FACD11AFB9204008FA782 /* Products */,
				0AE6C0FC26DCF66A00116DE5 /* Frameworks */,
			);
			sourceTree = "<group>";
		};
		607FACD11AFB9204008FA782 /* Products */ = {
			isa = PBXGroup;
			children = (
				607FACD01AFB9204008FA782 /* Japx_Example.app */,
				607FACE51AFB9204008FA782 /* Japx_Tests.xctest */,
				0AE6C0F226DCF62500116DE5 /* Japx.framework */,
			);
			name = Products;
			sourceTree = "<group>";
		};
		607FACE81AFB9204008FA782 /* Tests */ = {
			isa = PBXGroup;
			children = (
				4F9A385B220099A00063BEB3 /* Utilities */,
				4F9A3856220095B50063BEB3 /* Objc */,
				4F9A3857220095C30063BEB3 /* Swift */,
				0A634F0126D92CC80026E01D /* Resources */,
				607FACE91AFB9204008FA782 /* Supporting Files */,
			);
			path = Tests;
			sourceTree = "<group>";
		};
		607FACE91AFB9204008FA782 /* Supporting Files */ = {
			isa = PBXGroup;
			children = (
				607FACEA1AFB9204008FA782 /* Info.plist */,
			);
			name = "Supporting Files";
			sourceTree = "<group>";
		};
		607FACF51AFB993E008FA782 /* Dependency Managers */ = {
			isa = PBXGroup;
			children = (
				94FB768D577F6B9FCD0512AB /* Japx.podspec */,
				0AE6C0D526DCF5DB00116DE5 /* Package.swift */,
			);
			name = "Dependency Managers";
			sourceTree = "<group>";
		};
/* End PBXGroup section */

/* Begin PBXHeadersBuildPhase section */
		0AE6C0ED26DCF62500116DE5 /* Headers */ = {
			isa = PBXHeadersBuildPhase;
			buildActionMask = 2147483647;
			files = (
				0AE6C0F626DCF62500116DE5 /* Japx.h in Headers */,
			);
			runOnlyForDeploymentPostprocessing = 0;
		};
/* End PBXHeadersBuildPhase section */

/* Begin PBXNativeTarget section */
		0AE6C0F126DCF62500116DE5 /* Japx */ = {
			isa = PBXNativeTarget;
			buildConfigurationList = 0AE6C0F726DCF62500116DE5 /* Build configuration list for PBXNativeTarget "Japx" */;
			buildPhases = (
				0AE6C0ED26DCF62500116DE5 /* Headers */,
				0AE6C0EE26DCF62500116DE5 /* Sources */,
				0AE6C0EF26DCF62500116DE5 /* Frameworks */,
				0AE6C0F026DCF62500116DE5 /* Resources */,
			);
			buildRules = (
			);
			dependencies = (
			);
			name = Japx;
			productName = Japx;
			productReference = 0AE6C0F226DCF62500116DE5 /* Japx.framework */;
			productType = "com.apple.product-type.framework";
		};
		607FACCF1AFB9204008FA782 /* Japx_Example */ = {
			isa = PBXNativeTarget;
			buildConfigurationList = 607FACEF1AFB9204008FA782 /* Build configuration list for PBXNativeTarget "Japx_Example" */;
			buildPhases = (
				607FACCC1AFB9204008FA782 /* Sources */,
				607FACCD1AFB9204008FA782 /* Frameworks */,
				607FACCE1AFB9204008FA782 /* Resources */,
				0AE6C10126DCF66A00116DE5 /* Embed Frameworks */,
			);
			buildRules = (
			);
			dependencies = (
				0AE6C10026DCF66A00116DE5 /* PBXTargetDependency */,
			);
			name = Japx_Example;
			productName = Japx;
			productReference = 607FACD01AFB9204008FA782 /* Japx_Example.app */;
			productType = "com.apple.product-type.application";
		};
		607FACE41AFB9204008FA782 /* Japx_Tests */ = {
			isa = PBXNativeTarget;
			buildConfigurationList = 607FACF21AFB9204008FA782 /* Build configuration list for PBXNativeTarget "Japx_Tests" */;
			buildPhases = (
				607FACE11AFB9204008FA782 /* Sources */,
				607FACE21AFB9204008FA782 /* Frameworks */,
				607FACE31AFB9204008FA782 /* Resources */,
			);
			buildRules = (
			);
			dependencies = (
				607FACE71AFB9204008FA782 /* PBXTargetDependency */,
			);
			name = Japx_Tests;
			productName = Tests;
			productReference = 607FACE51AFB9204008FA782 /* Japx_Tests.xctest */;
			productType = "com.apple.product-type.bundle.unit-test";
		};
/* End PBXNativeTarget section */

/* Begin PBXProject section */
		607FACC81AFB9204008FA782 /* Project object */ = {
			isa = PBXProject;
			attributes = {
				LastSwiftUpdateCheck = 0830;
				LastUpgradeCheck = 1250;
				ORGANIZATIONNAME = CocoaPods;
				TargetAttributes = {
					0AE6C0F126DCF62500116DE5 = {
						CreatedOnToolsVersion = 12.5;
						ProvisioningStyle = Automatic;
					};
					607FACCF1AFB9204008FA782 = {
						CreatedOnToolsVersion = 6.3.1;
						DevelopmentTeam = 5F5M64F878;
						LastSwiftMigration = 0900;
					};
					607FACE41AFB9204008FA782 = {
						CreatedOnToolsVersion = 6.3.1;
						DevelopmentTeam = 5F5M64F878;
						LastSwiftMigration = 1010;
						TestTargetID = 607FACCF1AFB9204008FA782;
					};
				};
			};
			buildConfigurationList = 607FACCB1AFB9204008FA782 /* Build configuration list for PBXProject "Japx" */;
			compatibilityVersion = "Xcode 3.2";
			developmentRegion = en;
			hasScannedForEncodings = 0;
			knownRegions = (
				en,
				Base,
			);
			mainGroup = 607FACC71AFB9204008FA782;
			productRefGroup = 607FACD11AFB9204008FA782 /* Products */;
			projectDirPath = "";
			projectRoot = "";
			targets = (
				607FACCF1AFB9204008FA782 /* Japx_Example */,
				607FACE41AFB9204008FA782 /* Japx_Tests */,
				0AE6C0F126DCF62500116DE5 /* Japx */,
			);
		};
/* End PBXProject section */

/* Begin PBXResourcesBuildPhase section */
		0AE6C0F026DCF62500116DE5 /* Resources */ = {
			isa = PBXResourcesBuildPhase;
			buildActionMask = 2147483647;
			files = (
			);
			runOnlyForDeploymentPostprocessing = 0;
		};
		607FACCE1AFB9204008FA782 /* Resources */ = {
			isa = PBXResourcesBuildPhase;
			buildActionMask = 2147483647;
			files = (
				0AE6C0EA26DCF60100116DE5 /* Images.xcassets in Resources */,
				0AE6C0E626DCF60100116DE5 /* LaunchScreen.xib in Resources */,
				0AE6C0E726DCF60100116DE5 /* Main.storyboard in Resources */,
			);
			runOnlyForDeploymentPostprocessing = 0;
		};
		607FACE31AFB9204008FA782 /* Resources */ = {
			isa = PBXResourcesBuildPhase;
			buildActionMask = 2147483647;
			files = (
				0A634F2F26D92CC80026E01D /* ExtraParams-Json.json in Resources */,
				0A634F3A26D92CC80026E01D /* EmptyRelationshipDeep-Json.json in Resources */,
				0A634F4426D92CC80026E01D /* MissingRelationshipObject-JsonApi.json in Resources */,
				0A634F4226D92CC80026E01D /* MissingRelationship-Json.json in Resources */,
				0A634F3826D92CC80026E01D /* RelationshipNoInclude-Json.json in Resources */,
				0A634F3E26D92CC80026E01D /* ArticleExample-Json.json in Resources */,
				0A634F4626D92CC80026E01D /* MissingRelationshipObjectNull-Json.json in Resources */,
				0A634F3226D92CC80026E01D /* RecursiveRelationships-JsonApi.json in Resources */,
				0A634F3626D92CC80026E01D /* RecursiveSample-Json.json in Resources */,
				0A634F3326D92CC80026E01D /* Meta-Json.json in Resources */,
				0A634F3026D92CC80026E01D /* ExtraParams-JsonApi.json in Resources */,
				0A634F3926D92CC80026E01D /* RelationshipNoInclude-JsonApi.json in Resources */,
				0A634F3D26D92CC80026E01D /* ArticleExample-JsonApi.json in Resources */,
				0A634F3F26D92CC80026E01D /* MissingRelationshipObjectsEmpty-Json.json in Resources */,
				0A634F3C26D92CC80026E01D /* EmptyRelationship-JsonApi.json in Resources */,
				0A634F3726D92CC80026E01D /* RecursiveSample-JsonApi.json in Resources */,
				0A634F4026D92CC80026E01D /* MissingRelationshipObjects-Json.json in Resources */,
				0A634F2E26D92CC80026E01D /* SimpleEncoding-Json.json in Resources */,
				0A634F4826D92CC80026E01D /* ArticlePerson-JsonApi.json in Resources */,
				0A634F4326D92CC80026E01D /* MissingRelationship-JsonApi.json in Resources */,
				0A634F4526D92CC80026E01D /* MissingRelationshipObject-Json.json in Resources */,
				0A634F2D26D92CC80026E01D /* SimpleEncoding-JsonApi.json in Resources */,
				0A634F3426D92CC80026E01D /* Meta-Added-JsonApi.json in Resources */,
				0A634F4126D92CC80026E01D /* MissingRelationshipObjects-JsonApi.json in Resources */,
				0A634F4726D92CC80026E01D /* ArticlePerson-Json.json in Resources */,
				0A634F3B26D92CC80026E01D /* EmptyRelationship-Json.json in Resources */,
				0A634F3526D92CC80026E01D /* Meta-NotAdded-JsonApi.json in Resources */,
				0A634F3126D92CC80026E01D /* RecursiveRelationships-Json.json in Resources */,
			);
			runOnlyForDeploymentPostprocessing = 0;
		};
/* End PBXResourcesBuildPhase section */

/* Begin PBXSourcesBuildPhase section */
		0AE6C0EE26DCF62500116DE5 /* Sources */ = {
			isa = PBXSourcesBuildPhase;
			buildActionMask = 2147483647;
			files = (
				0AE6C0FA26DCF62F00116DE5 /* JapxCore.swift in Sources */,
				0AE6C11226DCF70C00116DE5 /* JapxRxCodableAlamofire.swift in Sources */,
				0AE6C0FB26DCF62F00116DE5 /* JapxCodable.swift in Sources */,
				0AE6C10F26DCF70C00116DE5 /* JapxMoya.swift in Sources */,
				0AE6C11126DCF70C00116DE5 /* JapxCodableMoya.swift in Sources */,
				0AE6C10C26DCF70C00116DE5 /* NSError+Japx.swift in Sources */,
				0AE6C10526DCF6A400116DE5 /* JapxCodableAlamofire.swift in Sources */,
				0AE6C11026DCF70C00116DE5 /* JapxObjC.swift in Sources */,
				0AE6C10E26DCF70C00116DE5 /* JapxRxCodableMoya.swift in Sources */,
				0AE6C11326DCF70C00116DE5 /* JapxRxAlamofire.swift in Sources */,
				0AE6C10D26DCF70C00116DE5 /* JapxRxMoya.swift in Sources */,
				0AE6C10426DCF6A400116DE5 /* JapxAlamofire.swift in Sources */,
			);
			runOnlyForDeploymentPostprocessing = 0;
		};
		607FACCC1AFB9204008FA782 /* Sources */ = {
			isa = PBXSourcesBuildPhase;
			buildActionMask = 2147483647;
			files = (
				0AE6C0EB26DCF60100116DE5 /* AppDelegate.swift in Sources */,
				0AE6C0E326DCF60100116DE5 /* ResultViewController.swift in Sources */,
				0AE6C0E826DCF60100116DE5 /* PrettyPrint.swift in Sources */,
				0AE6C0E926DCF60100116DE5 /* ResultableProtocol.swift in Sources */,
				0AE6C0E426DCF60100116DE5 /* DecoderViewController.swift in Sources */,
				0AE6C0E526DCF60100116DE5 /* EncoderViewController.swift in Sources */,
			);
			runOnlyForDeploymentPostprocessing = 0;
		};
		607FACE11AFB9204008FA782 /* Sources */ = {
			isa = PBXSourcesBuildPhase;
			buildActionMask = 2147483647;
			files = (
				E18794E620189E8B00E472C4 /* EncoderTester.swift in Sources */,
				4F9A385F220099C80063BEB3 /* EncoderTester.m in Sources */,
				E18794F52018AC2200E472C4 /* AdditionalFunctions.swift in Sources */,
				E18794E520189E8B00E472C4 /* DecoderTester.swift in Sources */,
				4F9A385D220099BC0063BEB3 /* DecoderTester.m in Sources */,
			);
			runOnlyForDeploymentPostprocessing = 0;
		};
/* End PBXSourcesBuildPhase section */

/* Begin PBXTargetDependency section */
		0AE6C10026DCF66A00116DE5 /* PBXTargetDependency */ = {
			isa = PBXTargetDependency;
			target = 0AE6C0F126DCF62500116DE5 /* Japx */;
			targetProxy = 0AE6C0FF26DCF66A00116DE5 /* PBXContainerItemProxy */;
		};
		607FACE71AFB9204008FA782 /* PBXTargetDependency */ = {
			isa = PBXTargetDependency;
			target = 607FACCF1AFB9204008FA782 /* Japx_Example */;
			targetProxy = 607FACE61AFB9204008FA782 /* PBXContainerItemProxy */;
		};
/* End PBXTargetDependency section */

/* Begin PBXVariantGroup section */
		0AE6C0DA26DCF60100116DE5 /* LaunchScreen.xib */ = {
			isa = PBXVariantGroup;
			children = (
				0AE6C0DB26DCF60100116DE5 /* Base */,
			);
			name = LaunchScreen.xib;
			sourceTree = "<group>";
		};
		0AE6C0DC26DCF60100116DE5 /* Main.storyboard */ = {
			isa = PBXVariantGroup;
			children = (
				0AE6C0DD26DCF60100116DE5 /* Base */,
			);
			name = Main.storyboard;
			sourceTree = "<group>";
		};
/* End PBXVariantGroup section */

/* Begin XCBuildConfiguration section */
		0AE6C0F826DCF62500116DE5 /* Debug */ = {
			isa = XCBuildConfiguration;
			buildSettings = {
				CLANG_ANALYZER_NONNULL = YES;
				CLANG_ANALYZER_NUMBER_OBJECT_CONVERSION = YES_AGGRESSIVE;
				CLANG_CXX_LANGUAGE_STANDARD = "gnu++14";
				CLANG_ENABLE_OBJC_WEAK = YES;
				CLANG_WARN_DOCUMENTATION_COMMENTS = YES;
				CLANG_WARN_UNGUARDED_AVAILABILITY = YES_AGGRESSIVE;
				CODE_SIGN_STYLE = Automatic;
				CURRENT_PROJECT_VERSION = 1;
				DEBUG_INFORMATION_FORMAT = dwarf;
				DEFINES_MODULE = YES;
				DYLIB_COMPATIBILITY_VERSION = 1;
				DYLIB_CURRENT_VERSION = 1;
				DYLIB_INSTALL_NAME_BASE = "@rpath";
				GCC_C_LANGUAGE_STANDARD = gnu11;
				INFOPLIST_FILE = Japx/Info.plist;
				INSTALL_PATH = "$(LOCAL_LIBRARY_DIR)/Frameworks";
				IPHONEOS_DEPLOYMENT_TARGET = 10.0;
				LD_RUNPATH_SEARCH_PATHS = "$(inherited) @executable_path/Frameworks @loader_path/Frameworks";
				MTL_ENABLE_DEBUG_INFO = INCLUDE_SOURCE;
				MTL_FAST_MATH = YES;
				PRODUCT_BUNDLE_IDENTIFIER = com.infinum.Japx.Japx;
				PRODUCT_NAME = "$(TARGET_NAME:c99extidentifier)";
				SKIP_INSTALL = YES;
				SWIFT_ACTIVE_COMPILATION_CONDITIONS = DEBUG;
				SWIFT_VERSION = 5.0;
				TARGETED_DEVICE_FAMILY = "1,2";
				VERSIONING_SYSTEM = "apple-generic";
				VERSION_INFO_PREFIX = "";
			};
			name = Debug;
		};
		0AE6C0F926DCF62500116DE5 /* Release */ = {
			isa = XCBuildConfiguration;
			buildSettings = {
				CLANG_ANALYZER_NONNULL = YES;
				CLANG_ANALYZER_NUMBER_OBJECT_CONVERSION = YES_AGGRESSIVE;
				CLANG_CXX_LANGUAGE_STANDARD = "gnu++14";
				CLANG_ENABLE_OBJC_WEAK = YES;
				CLANG_WARN_DOCUMENTATION_COMMENTS = YES;
				CLANG_WARN_UNGUARDED_AVAILABILITY = YES_AGGRESSIVE;
				CODE_SIGN_STYLE = Automatic;
				CURRENT_PROJECT_VERSION = 1;
				DEFINES_MODULE = YES;
				DYLIB_COMPATIBILITY_VERSION = 1;
				DYLIB_CURRENT_VERSION = 1;
				DYLIB_INSTALL_NAME_BASE = "@rpath";
				GCC_C_LANGUAGE_STANDARD = gnu11;
				INFOPLIST_FILE = Japx/Info.plist;
				INSTALL_PATH = "$(LOCAL_LIBRARY_DIR)/Frameworks";
				IPHONEOS_DEPLOYMENT_TARGET = 10.0;
				LD_RUNPATH_SEARCH_PATHS = "$(inherited) @executable_path/Frameworks @loader_path/Frameworks";
				MTL_FAST_MATH = YES;
				PRODUCT_BUNDLE_IDENTIFIER = com.infinum.Japx.Japx;
				PRODUCT_NAME = "$(TARGET_NAME:c99extidentifier)";
				SKIP_INSTALL = YES;
				SWIFT_VERSION = 5.0;
				TARGETED_DEVICE_FAMILY = "1,2";
				VERSIONING_SYSTEM = "apple-generic";
				VERSION_INFO_PREFIX = "";
			};
			name = Release;
		};
		607FACED1AFB9204008FA782 /* Debug */ = {
			isa = XCBuildConfiguration;
			buildSettings = {
				ALWAYS_SEARCH_USER_PATHS = NO;
				CLANG_ANALYZER_LOCALIZABILITY_NONLOCALIZED = YES;
				CLANG_CXX_LANGUAGE_STANDARD = "gnu++0x";
				CLANG_CXX_LIBRARY = "libc++";
				CLANG_ENABLE_MODULES = YES;
				CLANG_ENABLE_OBJC_ARC = YES;
				CLANG_WARN_BLOCK_CAPTURE_AUTORELEASING = YES;
				CLANG_WARN_BOOL_CONVERSION = YES;
				CLANG_WARN_COMMA = YES;
				CLANG_WARN_CONSTANT_CONVERSION = YES;
				CLANG_WARN_DEPRECATED_OBJC_IMPLEMENTATIONS = YES;
				CLANG_WARN_DIRECT_OBJC_ISA_USAGE = YES_ERROR;
				CLANG_WARN_EMPTY_BODY = YES;
				CLANG_WARN_ENUM_CONVERSION = YES;
				CLANG_WARN_INFINITE_RECURSION = YES;
				CLANG_WARN_INT_CONVERSION = YES;
				CLANG_WARN_NON_LITERAL_NULL_CONVERSION = YES;
				CLANG_WARN_OBJC_IMPLICIT_RETAIN_SELF = YES;
				CLANG_WARN_OBJC_LITERAL_CONVERSION = YES;
				CLANG_WARN_OBJC_ROOT_CLASS = YES_ERROR;
				CLANG_WARN_QUOTED_INCLUDE_IN_FRAMEWORK_HEADER = YES;
				CLANG_WARN_RANGE_LOOP_ANALYSIS = YES;
				CLANG_WARN_STRICT_PROTOTYPES = YES;
				CLANG_WARN_SUSPICIOUS_MOVE = YES;
				CLANG_WARN_UNREACHABLE_CODE = YES;
				CLANG_WARN__DUPLICATE_METHOD_MATCH = YES;
				"CODE_SIGN_IDENTITY[sdk=iphoneos*]" = "iPhone Developer";
				COPY_PHASE_STRIP = NO;
				DEBUG_INFORMATION_FORMAT = "dwarf-with-dsym";
				ENABLE_STRICT_OBJC_MSGSEND = YES;
				ENABLE_TESTABILITY = YES;
				GCC_C_LANGUAGE_STANDARD = gnu99;
				GCC_DYNAMIC_NO_PIC = NO;
				GCC_NO_COMMON_BLOCKS = YES;
				GCC_OPTIMIZATION_LEVEL = 0;
				GCC_PREPROCESSOR_DEFINITIONS = (
					"DEBUG=1",
					"$(inherited)",
				);
				GCC_SYMBOLS_PRIVATE_EXTERN = NO;
				GCC_WARN_64_TO_32_BIT_CONVERSION = YES;
				GCC_WARN_ABOUT_RETURN_TYPE = YES_ERROR;
				GCC_WARN_UNDECLARED_SELECTOR = YES;
				GCC_WARN_UNINITIALIZED_AUTOS = YES_AGGRESSIVE;
				GCC_WARN_UNUSED_FUNCTION = YES;
				GCC_WARN_UNUSED_VARIABLE = YES;
				IPHONEOS_DEPLOYMENT_TARGET = 10.0;
				MTL_ENABLE_DEBUG_INFO = YES;
				ONLY_ACTIVE_ARCH = YES;
				SDKROOT = iphoneos;
				SWIFT_OPTIMIZATION_LEVEL = "-Onone";
				SWIFT_VERSION = 5.0;
			};
			name = Debug;
		};
		607FACEE1AFB9204008FA782 /* Release */ = {
			isa = XCBuildConfiguration;
			buildSettings = {
				ALWAYS_SEARCH_USER_PATHS = NO;
				CLANG_ANALYZER_LOCALIZABILITY_NONLOCALIZED = YES;
				CLANG_CXX_LANGUAGE_STANDARD = "gnu++0x";
				CLANG_CXX_LIBRARY = "libc++";
				CLANG_ENABLE_MODULES = YES;
				CLANG_ENABLE_OBJC_ARC = YES;
				CLANG_WARN_BLOCK_CAPTURE_AUTORELEASING = YES;
				CLANG_WARN_BOOL_CONVERSION = YES;
				CLANG_WARN_COMMA = YES;
				CLANG_WARN_CONSTANT_CONVERSION = YES;
				CLANG_WARN_DEPRECATED_OBJC_IMPLEMENTATIONS = YES;
				CLANG_WARN_DIRECT_OBJC_ISA_USAGE = YES_ERROR;
				CLANG_WARN_EMPTY_BODY = YES;
				CLANG_WARN_ENUM_CONVERSION = YES;
				CLANG_WARN_INFINITE_RECURSION = YES;
				CLANG_WARN_INT_CONVERSION = YES;
				CLANG_WARN_NON_LITERAL_NULL_CONVERSION = YES;
				CLANG_WARN_OBJC_IMPLICIT_RETAIN_SELF = YES;
				CLANG_WARN_OBJC_LITERAL_CONVERSION = YES;
				CLANG_WARN_OBJC_ROOT_CLASS = YES_ERROR;
				CLANG_WARN_QUOTED_INCLUDE_IN_FRAMEWORK_HEADER = YES;
				CLANG_WARN_RANGE_LOOP_ANALYSIS = YES;
				CLANG_WARN_STRICT_PROTOTYPES = YES;
				CLANG_WARN_SUSPICIOUS_MOVE = YES;
				CLANG_WARN_UNREACHABLE_CODE = YES;
				CLANG_WARN__DUPLICATE_METHOD_MATCH = YES;
				"CODE_SIGN_IDENTITY[sdk=iphoneos*]" = "iPhone Developer";
				COPY_PHASE_STRIP = NO;
				DEBUG_INFORMATION_FORMAT = "dwarf-with-dsym";
				ENABLE_NS_ASSERTIONS = NO;
				ENABLE_STRICT_OBJC_MSGSEND = YES;
				GCC_C_LANGUAGE_STANDARD = gnu99;
				GCC_NO_COMMON_BLOCKS = YES;
				GCC_WARN_64_TO_32_BIT_CONVERSION = YES;
				GCC_WARN_ABOUT_RETURN_TYPE = YES_ERROR;
				GCC_WARN_UNDECLARED_SELECTOR = YES;
				GCC_WARN_UNINITIALIZED_AUTOS = YES_AGGRESSIVE;
				GCC_WARN_UNUSED_FUNCTION = YES;
				GCC_WARN_UNUSED_VARIABLE = YES;
				IPHONEOS_DEPLOYMENT_TARGET = 10.0;
				MTL_ENABLE_DEBUG_INFO = NO;
				SDKROOT = iphoneos;
				SWIFT_OPTIMIZATION_LEVEL = "-Owholemodule";
				SWIFT_VERSION = 5.0;
				VALIDATE_PRODUCT = YES;
			};
			name = Release;
		};
		607FACF01AFB9204008FA782 /* Debug */ = {
			isa = XCBuildConfiguration;
			buildSettings = {
				ASSETCATALOG_COMPILER_APPICON_NAME = AppIcon;
				DEVELOPMENT_TEAM = 5F5M64F878;
				INFOPLIST_FILE = "$(SRCROOT)/Example/Info.plist";
				LD_RUNPATH_SEARCH_PATHS = "$(inherited) @executable_path/Frameworks";
				MODULE_NAME = ExampleApp;
				PRODUCT_BUNDLE_IDENTIFIER = "co.infinum.demo.Japx-Example";
				PRODUCT_NAME = "$(TARGET_NAME)";
				SWIFT_SWIFT3_OBJC_INFERENCE = Default;
			};
			name = Debug;
		};
		607FACF11AFB9204008FA782 /* Release */ = {
			isa = XCBuildConfiguration;
			buildSettings = {
				ASSETCATALOG_COMPILER_APPICON_NAME = AppIcon;
				DEVELOPMENT_TEAM = 5F5M64F878;
				INFOPLIST_FILE = "$(SRCROOT)/Example/Info.plist";
				LD_RUNPATH_SEARCH_PATHS = "$(inherited) @executable_path/Frameworks";
				MODULE_NAME = ExampleApp;
				PRODUCT_BUNDLE_IDENTIFIER = "co.infinum.demo.Japx-Example";
				PRODUCT_NAME = "$(TARGET_NAME)";
				SWIFT_SWIFT3_OBJC_INFERENCE = Default;
			};
			name = Release;
		};
		607FACF31AFB9204008FA782 /* Debug */ = {
			isa = XCBuildConfiguration;
			buildSettings = {
				ALWAYS_EMBED_SWIFT_STANDARD_LIBRARIES = YES;
				CLANG_ENABLE_MODULES = YES;
				DEVELOPMENT_TEAM = 5F5M64F878;
				FRAMEWORK_SEARCH_PATHS = "$(inherited)";
				GCC_PREPROCESSOR_DEFINITIONS = (
					"DEBUG=1",
					"$(inherited)",
				);
				INFOPLIST_FILE = Tests/Info.plist;
				LD_RUNPATH_SEARCH_PATHS = "$(inherited) @executable_path/Frameworks @loader_path/Frameworks";
				PRODUCT_BUNDLE_IDENTIFIER = "org.cocoapods.$(PRODUCT_NAME:rfc1034identifier)";
				PRODUCT_NAME = "$(TARGET_NAME)";
				SWIFT_OBJC_BRIDGING_HEADER = "";
				SWIFT_OPTIMIZATION_LEVEL = "-Onone";
				SWIFT_SWIFT3_OBJC_INFERENCE = Default;
				TEST_HOST = "$(BUILT_PRODUCTS_DIR)/Japx_Example.app/Japx_Example";
			};
			name = Debug;
		};
		607FACF41AFB9204008FA782 /* Release */ = {
			isa = XCBuildConfiguration;
			buildSettings = {
				ALWAYS_EMBED_SWIFT_STANDARD_LIBRARIES = YES;
				CLANG_ENABLE_MODULES = YES;
				DEVELOPMENT_TEAM = 5F5M64F878;
				FRAMEWORK_SEARCH_PATHS = "$(inherited)";
				INFOPLIST_FILE = Tests/Info.plist;
				LD_RUNPATH_SEARCH_PATHS = "$(inherited) @executable_path/Frameworks @loader_path/Frameworks";
				PRODUCT_BUNDLE_IDENTIFIER = "org.cocoapods.$(PRODUCT_NAME:rfc1034identifier)";
				PRODUCT_NAME = "$(TARGET_NAME)";
				SWIFT_OBJC_BRIDGING_HEADER = "";
				SWIFT_SWIFT3_OBJC_INFERENCE = Default;
				TEST_HOST = "$(BUILT_PRODUCTS_DIR)/Japx_Example.app/Japx_Example";
			};
			name = Release;
		};
/* End XCBuildConfiguration section */

/* Begin XCConfigurationList section */
		0AE6C0F726DCF62500116DE5 /* Build configuration list for PBXNativeTarget "Japx" */ = {
			isa = XCConfigurationList;
			buildConfigurations = (
				0AE6C0F826DCF62500116DE5 /* Debug */,
				0AE6C0F926DCF62500116DE5 /* Release */,
			);
			defaultConfigurationIsVisible = 0;
			defaultConfigurationName = Release;
		};
		607FACCB1AFB9204008FA782 /* Build configuration list for PBXProject "Japx" */ = {
			isa = XCConfigurationList;
			buildConfigurations = (
				607FACED1AFB9204008FA782 /* Debug */,
				607FACEE1AFB9204008FA782 /* Release */,
			);
			defaultConfigurationIsVisible = 0;
			defaultConfigurationName = Release;
		};
		607FACEF1AFB9204008FA782 /* Build configuration list for PBXNativeTarget "Japx_Example" */ = {
			isa = XCConfigurationList;
			buildConfigurations = (
				607FACF01AFB9204008FA782 /* Debug */,
				607FACF11AFB9204008FA782 /* Release */,
			);
			defaultConfigurationIsVisible = 0;
			defaultConfigurationName = Release;
		};
		607FACF21AFB9204008FA782 /* Build configuration list for PBXNativeTarget "Japx_Tests" */ = {
			isa = XCConfigurationList;
			buildConfigurations = (
				607FACF31AFB9204008FA782 /* Debug */,
				607FACF41AFB9204008FA782 /* Release */,
			);
			defaultConfigurationIsVisible = 0;
			defaultConfigurationName = Release;
		};
/* End XCConfigurationList section */
	};
	rootObject = 607FACC81AFB9204008FA782 /* Project object */;
}
